// !$*UTF8*$!
{
	archiveVersion = 1;
	classes = {
	};
	objectVersion = 77;
	objects = {

/* Begin PBXBuildFile section */
		ABF0000A2FD30000AABB000A /* WatchPhoneBridge.swift in Sources */ = {isa = PBXBuildFile; fileRef = B3C07AF00903494E63299712 /* WatchPhoneBridge.swift */; };
		ABF0000B2FD30000AABB000B /* WatchLocalRecordingQueueStore.swift in Sources */ = {isa = PBXBuildFile; fileRef = ABF0000C2FD30000AABB000C /* WatchLocalRecordingQueueStore.swift */; };
		ABF0000D2FD30000AABB000D /* WatchLocalRecordingQueueStore.swift in Sources */ = {isa = PBXBuildFile; fileRef = ABF0000C2FD30000AABB000C /* WatchLocalRecordingQueueStore.swift */; };
		ABF0000E2FD30000AABB000E /* VoxboardCaptureCore in Frameworks */ = {isa = PBXBuildFile; productRef = 0E291E4ACFADDC4D1EC10382 /* VoxboardCaptureCore */; };
		154ED7783EDFF91EC1D07921 /* Assets.xcassets in Resources */ = {isa = PBXBuildFile; fileRef = B42D87F76743327017AE80B3 /* Assets.xcassets */; };
		1A730FB345D4C90BB942A23D /* WatchPhoneBridge.swift in Sources */ = {isa = PBXBuildFile; fileRef = B3C07AF00903494E63299712 /* WatchPhoneBridge.swift */; };
		297BB61327EC182072BDB12C /* Foundation.framework in Frameworks */ = {isa = PBXBuildFile; fileRef = 02DA1EF2BDE8054CD5132FD0 /* Foundation.framework */; };
		2A924FF497500A771ED48B42 /* Assets.xcassets in Resources */ = {isa = PBXBuildFile; fileRef = 008ECCDCB83672995A1B5957 /* Assets.xcassets */; };
		31E8A2E9C0A2A47C51EAEE2B /* AppIntents.framework in Frameworks */ = {isa = PBXBuildFile; fileRef = 5B2716061A8670082BD64BD6 /* AppIntents.framework */; };
		36A8248FC9457C0B6D996F12 /* Assets.xcassets in Resources */ = {isa = PBXBuildFile; fileRef = B87E2AD42AFB283F1BE3A874 /* Assets.xcassets */; };
		3AA4E43629BFE12F579EB244 /* VoxboardWatchRecordWidget.swift in Sources */ = {isa = PBXBuildFile; fileRef = 0F926D3AB92C2D7C92D46C11 /* VoxboardWatchRecordWidget.swift */; };
		4194BC44272718BE147A0F85 /* Voxboard Watch.app in Embed Watch Content */ = {isa = PBXBuildFile; fileRef = 0F9B6BE6CEFCD7819FE5AE0E /* Voxboard Watch.app */; platformFilter = ios; settings = {ATTRIBUTES = (RemoveHeadersOnCopy, ); }; };
		429202882094E3CB01FC0A93 /* VoxboardWatchWidgetBundle.swift in Sources */ = {isa = PBXBuildFile; fileRef = FA22FA2307DC310880D98478 /* VoxboardWatchWidgetBundle.swift */; };
		4C3693BE5FAD3AE5C0A78C74 /* GeistTheme.swift in Sources */ = {isa = PBXBuildFile; fileRef = F90F4D7E07966A9D53BE4311 /* GeistTheme.swift */; };
		589961863954D6E337BBE873 /* SwiftUI.framework in Frameworks */ = {isa = PBXBuildFile; fileRef = 622B4C812F78B09600FDC4CA /* SwiftUI.framework */; };
		622B4C802F78B09600FDC4CA /* WidgetKit.framework in Frameworks */ = {isa = PBXBuildFile; fileRef = 622B4C7F2F78B09600FDC4CA /* WidgetKit.framework */; };
		622B4C822F78B09600FDC4CA /* SwiftUI.framework in Frameworks */ = {isa = PBXBuildFile; fileRef = 622B4C812F78B09600FDC4CA /* SwiftUI.framework */; };
		622B4C8D2F78B09700FDC4CA /* Voxboard WidgetExtension.appex in Embed Foundation Extensions */ = {isa = PBXBuildFile; fileRef = 622B4C7D2F78B09600FDC4CA /* Voxboard WidgetExtension.appex */; settings = {ATTRIBUTES = (RemoveHeadersOnCopy, ); }; };
		62C952292F393361001F79DF /* Voxboard Keyboard.appex in Embed Foundation Extensions */ = {isa = PBXBuildFile; fileRef = 62C952222F393361001F79DF /* Voxboard Keyboard.appex */; settings = {ATTRIBUTES = (RemoveHeadersOnCopy, ); }; };
		62C952852F393BB1001F79DF /* KeyboardKit in Frameworks */ = {isa = PBXBuildFile; productRef = 62C952842F393BB1001F79DF /* KeyboardKit */; };
		643BAC287FB3B9EB19C8A1D8 /* MacStoreManager.swift in Sources */ = {isa = PBXBuildFile; fileRef = 8CA2E8D9B126FE68EF96A0C1 /* MacStoreManager.swift */; };
		648A49CD4D1ACFCFBB67F7A0 /* SwiftUI.framework in Frameworks */ = {isa = PBXBuildFile; fileRef = 622B4C812F78B09600FDC4CA /* SwiftUI.framework */; };
		7A199B511F4EC06EB94EF1C3 /* Voxboard Share Extension.appex in Embed Foundation Extensions */ = {isa = PBXBuildFile; fileRef = 7DE4A3528BD946F1CCB74457 /* Voxboard Share Extension.appex */; settings = {ATTRIBUTES = (RemoveHeadersOnCopy, ); }; };
		7F2CEC8256690C8C2D92E97D /* AVFoundation.framework in Frameworks */ = {isa = PBXBuildFile; fileRef = 4CCFF1BCDC1C2D04F6D843F7 /* AVFoundation.framework */; };
		9741189007D83392AC69265E /* WatchConnectivity.framework in Frameworks */ = {isa = PBXBuildFile; fileRef = 7AB9642BD71C79ACF551A1DD /* WatchConnectivity.framework */; };
		980C04404AB6C692BDA12016 /* Cocoa.framework in Frameworks */ = {isa = PBXBuildFile; fileRef = 64622CB3BC5428FC2A2BD2EC /* Cocoa.framework */; };
		9A88FFAAB233EA68275E8015 /* AppIntents.framework in Frameworks */ = {isa = PBXBuildFile; fileRef = 5B2716061A8670082BD64BD6 /* AppIntents.framework */; };
		AC5100012FD00000AABB0001 /* AppIntents.framework in Frameworks */ = {isa = PBXBuildFile; fileRef = 5B2716061A8670082BD64BD6 /* AppIntents.framework */; };
		9B15EF5409110CBDF04C40C5 /* MacRecorder.swift in Sources */ = {isa = PBXBuildFile; fileRef = 9C52E8DD3842F298B7583550 /* MacRecorder.swift */; };
		AC22000130010000AABB0001 /* MacMeetingCaptureCoordinator.swift in Sources */ = {isa = PBXBuildFile; fileRef = AC22000230010000AABB0002 /* MacMeetingCaptureCoordinator.swift */; };
		AC23000130020000AABB0001 /* MacActivityView.swift in Sources */ = {isa = PBXBuildFile; fileRef = AC23000230020000AABB0002 /* MacActivityView.swift */; };
		AC23000330020000AABB0003 /* MacFirstRunSetupView.swift in Sources */ = {isa = PBXBuildFile; fileRef = AC23000430020000AABB0004 /* MacFirstRunSetupView.swift */; };
		AC24000130030000AABB0001 /* MacBrand.swift in Sources */ = {isa = PBXBuildFile; fileRef = AC24000230030000AABB0002 /* MacBrand.swift */; };
		9FB3CC3FCE8835EF0A18652A /* WatchPhoneBridge.swift in Sources */ = {isa = PBXBuildFile; fileRef = B3C07AF00903494E63299712 /* WatchPhoneBridge.swift */; };
		AA0000042F394000AABBCC04 /* VoxboardShared in Frameworks */ = {isa = PBXBuildFile; productRef = AA0000022F394000AABBCC02 /* VoxboardShared */; };
		AA0000052F394000AABBCC05 /* VoxboardShared in Frameworks */ = {isa = PBXBuildFile; productRef = AA0000032F394000AABBCC03 /* VoxboardShared */; };
		AA0000082F394000AABBCC08 /* VoxboardShared in Frameworks */ = {isa = PBXBuildFile; productRef = AA0000092F394000AABBCC09 /* VoxboardShared */; };
		AA7100012FA10000AABB0001 /* Geist-Regular.ttf in Resources */ = {isa = PBXBuildFile; fileRef = AA7200012FA10000AABB0001 /* Geist-Regular.ttf */; };
		AA7100022FA10000AABB0002 /* Geist-Medium.ttf in Resources */ = {isa = PBXBuildFile; fileRef = AA7200022FA10000AABB0002 /* Geist-Medium.ttf */; };
		AA7100032FA10000AABB0003 /* Geist-SemiBold.ttf in Resources */ = {isa = PBXBuildFile; fileRef = AA7200032FA10000AABB0003 /* Geist-SemiBold.ttf */; };
		AA7100042FA10000AABB0004 /* GeistMono-Regular.ttf in Resources */ = {isa = PBXBuildFile; fileRef = AA7200042FA10000AABB0004 /* GeistMono-Regular.ttf */; };
		AA7100052FA10000AABB0005 /* GeistMono-Medium.ttf in Resources */ = {isa = PBXBuildFile; fileRef = AA7200052FA10000AABB0005 /* GeistMono-Medium.ttf */; };
		AA8101012FB10000AABB0101 /* MacMarkdownComposerTextView.swift in Sources */ = {isa = PBXBuildFile; fileRef = AA8100012FB10000AABB0001 /* MacMarkdownComposerTextView.swift */; };
		AA8101022FB10000AABB0102 /* MacCaptureWorkspaceView.swift in Sources */ = {isa = PBXBuildFile; fileRef = AA8100022FB10000AABB0002 /* MacCaptureWorkspaceView.swift */; };
		AA8101032FB10000AABB0103 /* MacDocumentScanProcessor.swift in Sources */ = {isa = PBXBuildFile; fileRef = AA8100032FB10000AABB0003 /* MacDocumentScanProcessor.swift */; };
		AA8101042FB10000AABB0104 /* MacSketchEditor.swift in Sources */ = {isa = PBXBuildFile; fileRef = AA8100042FB10000AABB0004 /* MacSketchEditor.swift */; };
		AA8101052FB10000AABB0105 /* MacCameraCaptureView.swift in Sources */ = {isa = PBXBuildFile; fileRef = AA8100052FB10000AABB0005 /* MacCameraCaptureView.swift */; };
		AA8101062FB10000AABB0106 /* MacEntryTemplateLibraryView.swift in Sources */ = {isa = PBXBuildFile; fileRef = AA8100062FB10000AABB0006 /* MacEntryTemplateLibraryView.swift */; };
		AA9000012F900000AABB0001 /* Notelet in Frameworks */ = {isa = PBXBuildFile; productRef = AA9000032F900000AABB0003 /* Notelet */; };
		AB147B12EBE0E233F987E666 /* WatchConnectivity.framework in Frameworks */ = {isa = PBXBuildFile; fileRef = 7AB9642BD71C79ACF551A1DD /* WatchConnectivity.framework */; };
		AB2600022F901000AABB0002 /* FoundationModelsBackend.swift in Sources */ = {isa = PBXBuildFile; fileRef = AB2600012F901000AABB0001 /* FoundationModelsBackend.swift */; };
		AB7000022FC10000AABB0002 /* MacKeyboardHintCenter.swift in Sources */ = {isa = PBXBuildFile; fileRef = AB7000012FC10000AABB0001 /* MacKeyboardHintCenter.swift */; };
		B2D00855F0FF7DCEB1C58193 /* WidgetKit.framework in Frameworks */ = {isa = PBXBuildFile; fileRef = 622B4C7F2F78B09600FDC4CA /* WidgetKit.framework */; };
		B697081A9BF8FA5A952C4260 /* WatchRecorderView.swift in Sources */ = {isa = PBXBuildFile; fileRef = 614794E6E2D71284FDBD73B5 /* WatchRecorderView.swift */; };
		BE5B35152DDF08F23D11F96B /* ShareViewController.swift in Sources */ = {isa = PBXBuildFile; fileRef = 46AD4BA7D540CBA8530066F9 /* ShareViewController.swift */; };
		BE87FA933F43142EEB43DF34 /* MacCaptureDestinationLibraryView.swift in Sources */ = {isa = PBXBuildFile; fileRef = 0E677AA769638A47ADF10537 /* MacCaptureDestinationLibraryView.swift */; };
		C2ADED8731A64AD5B9C71C98 /* AppIntents.framework in Frameworks */ = {isa = PBXBuildFile; fileRef = 5B2716061A8670082BD64BD6 /* AppIntents.framework */; };
		C7E080794026AF997D984BA1 /* VoxboardWatchApp.swift in Sources */ = {isa = PBXBuildFile; fileRef = E4C522195CC549F948AD39CA /* VoxboardWatchApp.swift */; };
		CB75780FE782BA0A0A872166 /* VoxboardCaptureCore in Frameworks */ = {isa = PBXBuildFile; productRef = 0E291E4ACFADDC4D1EC10382 /* VoxboardCaptureCore */; };
		AA4400012FF40000AABB0001 /* VoxboardCaptureCore in Frameworks */ = {isa = PBXBuildFile; productRef = 0E291E4ACFADDC4D1EC10382 /* VoxboardCaptureCore */; };
		CA1000012FE00000AABB0001 /* VoxboardShared in Frameworks */ = {isa = PBXBuildFile; productRef = CA1000022FE00000AABB0002 /* VoxboardShared */; };
		E00A9CF58799DA14B1DFFCCD /* VoxboardMacApp.swift in Sources */ = {isa = PBXBuildFile; fileRef = DC7E10646EA0B56748352D67 /* VoxboardMacApp.swift */; };
		E219DDE37D467A68C647AB0F /* AppIntents.framework in Frameworks */ = {isa = PBXBuildFile; fileRef = 5B2716061A8670082BD64BD6 /* AppIntents.framework */; };
		E5ADFAECC2FC2EB297721E61 /* Voxboard Watch WidgetExtension.appex in Embed Foundation Extensions */ = {isa = PBXBuildFile; fileRef = 858885847BF7D36167D58E66 /* Voxboard Watch WidgetExtension.appex */; settings = {ATTRIBUTES = (RemoveHeadersOnCopy, ); }; };
		E6BDE22432705EE570DD1FA2 /* WatchConnectivity.framework in Frameworks */ = {isa = PBXBuildFile; fileRef = 7AB9642BD71C79ACF551A1DD /* WatchConnectivity.framework */; };
		F3691CC13571407D4CB11C0E /* WatchLocalRecorder.swift in Sources */ = {isa = PBXBuildFile; fileRef = 4BFB1830AF373999FB394750 /* WatchLocalRecorder.swift */; };
		F714E206EA01CB59CAD495BC /* MacRootView.swift in Sources */ = {isa = PBXBuildFile; fileRef = 39AB3B931CCF85C9706AD3C0 /* MacRootView.swift */; };
		FB3BB675A89471D862FE7343 /* VoxboardShared in Frameworks */ = {isa = PBXBuildFile; productRef = 5DCFFC6C307F334D1C010608 /* VoxboardShared */; };
		FFE3EC5B7FB2E36AFE75DDD9 /* WatchRecordIntent.swift in Sources */ = {isa = PBXBuildFile; fileRef = BF80EC2190458FB40F6EABF8 /* WatchRecordIntent.swift */; };
		AAF000012FD10000AABB0101 /* Shared Localizable.xcstrings in Resources */ = {isa = PBXBuildFile; fileRef = AAF000002FD10000AABB0002 /* Shared Localizable.xcstrings */; };
		AAF000022FD10000AABB0102 /* Shared Localizable.xcstrings in Resources */ = {isa = PBXBuildFile; fileRef = AAF000002FD10000AABB0002 /* Shared Localizable.xcstrings */; };
		AAF000032FD10000AABB0103 /* Shared Localizable.xcstrings in Resources */ = {isa = PBXBuildFile; fileRef = AAF000002FD10000AABB0002 /* Shared Localizable.xcstrings */; };
		AAF000042FD10000AABB0104 /* Shared Localizable.xcstrings in Resources */ = {isa = PBXBuildFile; fileRef = AAF000002FD10000AABB0002 /* Shared Localizable.xcstrings */; };
		AAF000052FD10000AABB0105 /* Shared Localizable.xcstrings in Resources */ = {isa = PBXBuildFile; fileRef = AAF000002FD10000AABB0002 /* Shared Localizable.xcstrings */; };
		AAF100012FD20000AABB0101 /* Mac InfoPlist.xcstrings in Resources */ = {isa = PBXBuildFile; fileRef = AAF100002FD20000AABB0001 /* Mac InfoPlist.xcstrings */; };
		AAF100022FD20000AABB0102 /* Watch InfoPlist.xcstrings in Resources */ = {isa = PBXBuildFile; fileRef = AAF100002FD20000AABB0002 /* Watch InfoPlist.xcstrings */; };
		AAF100032FD20000AABB0103 /* Watch Widget InfoPlist.xcstrings in Resources */ = {isa = PBXBuildFile; fileRef = AAF100002FD20000AABB0003 /* Watch Widget InfoPlist.xcstrings */; };
		AAF100042FD20000AABB0104 /* Share InfoPlist.xcstrings in Resources */ = {isa = PBXBuildFile; fileRef = AAF100002FD20000AABB0004 /* Share InfoPlist.xcstrings */; };
/* End PBXBuildFile section */

/* Begin PBXContainerItemProxy section */
		5273E0FB3CF7859C6AA99258 /* PBXContainerItemProxy */ = {
			isa = PBXContainerItemProxy;
			containerPortal = 62C951722F392ADB001F79DF /* Project object */;
			proxyType = 1;
			remoteGlobalIDString = F0DA80EAA05F61E44B2AA91C;
			remoteInfo = "Voxboard Watch";
		};
		622B4C8B2F78B09700FDC4CA /* PBXContainerItemProxy */ = {
			isa = PBXContainerItemProxy;
			containerPortal = 62C951722F392ADB001F79DF /* Project object */;
			proxyType = 1;
			remoteGlobalIDString = 622B4C7C2F78B09600FDC4CA;
			remoteInfo = "Voxboard WidgetExtension";
		};
		62C952272F393361001F79DF /* PBXContainerItemProxy */ = {
			isa = PBXContainerItemProxy;
			containerPortal = 62C951722F392ADB001F79DF /* Project object */;
			proxyType = 1;
			remoteGlobalIDString = 62C952212F393361001F79DF;
			remoteInfo = "Voxboard Keyboard";
		};
		646AADA2E23DF1A21D5A1DF7 /* PBXContainerItemProxy */ = {
			isa = PBXContainerItemProxy;
			containerPortal = 62C951722F392ADB001F79DF /* Project object */;
			proxyType = 1;
			remoteGlobalIDString = C71CE7A43218B927DE0188B1;
			remoteInfo = "Voxboard Share Extension";
		};
		81431388DDED46BAA888D9A5 /* PBXContainerItemProxy */ = {
			isa = PBXContainerItemProxy;
			containerPortal = 62C951722F392ADB001F79DF /* Project object */;
			proxyType = 1;
			remoteGlobalIDString = 0E3F2B4FB4813EC6D280C148;
			remoteInfo = "Voxboard Watch WidgetExtension";
		};
		AAE0000A2FC00000AABB000A /* PBXContainerItemProxy */ = {
			isa = PBXContainerItemProxy;
			containerPortal = 62C951722F392ADB001F79DF /* Project object */;
			proxyType = 1;
			remoteGlobalIDString = 62C951792F392ADB001F79DF;
			remoteInfo = Voxboard;
		};
/* End PBXContainerItemProxy section */

/* Begin PBXCopyFilesBuildPhase section */
		23F0D913E193F30F556C2E5D /* Embed Watch Content */ = {
			isa = PBXCopyFilesBuildPhase;
			buildActionMask = 2147483647;
			dstPath = "$(CONTENTS_FOLDER_PATH)/Watch";
			dstSubfolderSpec = 16;
			files = (
				4194BC44272718BE147A0F85 /* Voxboard Watch.app in Embed Watch Content */,
			);
			name = "Embed Watch Content";
			runOnlyForDeploymentPostprocessing = 0;
		};
		62C9522E2F393361001F79DF /* Embed Foundation Extensions */ = {
			isa = PBXCopyFilesBuildPhase;
			buildActionMask = 2147483647;
			dstPath = "";
			dstSubfolderSpec = 13;
			files = (
				622B4C8D2F78B09700FDC4CA /* Voxboard WidgetExtension.appex in Embed Foundation Extensions */,
				62C952292F393361001F79DF /* Voxboard Keyboard.appex in Embed Foundation Extensions */,
				7A199B511F4EC06EB94EF1C3 /* Voxboard Share Extension.appex in Embed Foundation Extensions */,
			);
			name = "Embed Foundation Extensions";
			runOnlyForDeploymentPostprocessing = 0;
		};
		7FFB9ECF00B5C81A90766E72 /* Embed Foundation Extensions */ = {
			isa = PBXCopyFilesBuildPhase;
			buildActionMask = 2147483647;
			dstPath = "";
			dstSubfolderSpec = 13;
			files = (
				E5ADFAECC2FC2EB297721E61 /* Voxboard Watch WidgetExtension.appex in Embed Foundation Extensions */,
			);
			name = "Embed Foundation Extensions";
			runOnlyForDeploymentPostprocessing = 0;
		};
/* End PBXCopyFilesBuildPhase section */

/* Begin PBXFileReference section */
		008ECCDCB83672995A1B5957 /* Assets.xcassets */ = {isa = PBXFileReference; includeInIndex = 1; lastKnownFileType = folder.assetcatalog; path = Assets.xcassets; sourceTree = "<group>"; };
		02DA1EF2BDE8054CD5132FD0 /* Foundation.framework */ = {isa = PBXFileReference; lastKnownFileType = wrapper.framework; name = Foundation.framework; path = Platforms/iPhoneOS.platform/Developer/SDKs/iPhoneOS18.0.sdk/System/Library/Frameworks/Foundation.framework; sourceTree = DEVELOPER_DIR; };
		0E677AA769638A47ADF10537 /* MacCaptureDestinationLibraryView.swift */ = {isa = PBXFileReference; includeInIndex = 1; lastKnownFileType = sourcecode.swift; name = MacCaptureDestinationLibraryView.swift; path = "Voxboard Mac/MacCaptureDestinationLibraryView.swift"; sourceTree = "<group>"; };
		0F926D3AB92C2D7C92D46C11 /* VoxboardWatchRecordWidget.swift */ = {isa = PBXFileReference; includeInIndex = 1; lastKnownFileType = sourcecode.swift; path = VoxboardWatchRecordWidget.swift; sourceTree = "<group>"; };
		0F9B6BE6CEFCD7819FE5AE0E /* Voxboard Watch.app */ = {isa = PBXFileReference; explicitFileType = wrapper.application; includeInIndex = 0; path = "Voxboard Watch.app"; sourceTree = BUILT_PRODUCTS_DIR; };
		1926268D6D235EA2E6308151 /* VoxboardMac.entitlements */ = {isa = PBXFileReference; includeInIndex = 1; lastKnownFileType = text.plist.entitlements; name = VoxboardMac.entitlements; path = "Voxboard Mac/VoxboardMac.entitlements"; sourceTree = "<group>"; };
		26EFE5EF3EA09B33DF4039CD /* VoxboardShare.entitlements */ = {isa = PBXFileReference; includeInIndex = 1; lastKnownFileType = text.plist.entitlements; path = VoxboardShare.entitlements; sourceTree = "<group>"; };
		304CB27C4D83F560F24800DE /* Info.plist */ = {isa = PBXFileReference; includeInIndex = 1; lastKnownFileType = text.plist.xml; path = Info.plist; sourceTree = "<group>"; };
		323F2282E73DC8ACFDBBBA81 /* Info.plist */ = {isa = PBXFileReference; includeInIndex = 1; lastKnownFileType = text.plist.xml; path = Info.plist; sourceTree = "<group>"; };
		39AB3B931CCF85C9706AD3C0 /* MacRootView.swift */ = {isa = PBXFileReference; includeInIndex = 1; lastKnownFileType = sourcecode.swift; name = MacRootView.swift; path = "Voxboard Mac/MacRootView.swift"; sourceTree = "<group>"; };
		46AD4BA7D540CBA8530066F9 /* ShareViewController.swift */ = {isa = PBXFileReference; includeInIndex = 1; lastKnownFileType = sourcecode.swift; path = ShareViewController.swift; sourceTree = "<group>"; };
		4ACEA78712DEF9F37B567D0B /* VoxboardWatchWidget.entitlements */ = {isa = PBXFileReference; includeInIndex = 1; lastKnownFileType = text.plist.entitlements; path = VoxboardWatchWidget.entitlements; sourceTree = "<group>"; };
		4BFB1830AF373999FB394750 /* WatchLocalRecorder.swift */ = {isa = PBXFileReference; includeInIndex = 1; lastKnownFileType = sourcecode.swift; path = WatchLocalRecorder.swift; sourceTree = "<group>"; };
		4CCFF1BCDC1C2D04F6D843F7 /* AVFoundation.framework */ = {isa = PBXFileReference; lastKnownFileType = wrapper.framework; name = AVFoundation.framework; path = System/Library/Frameworks/AVFoundation.framework; sourceTree = SDKROOT; };
		5B2716061A8670082BD64BD6 /* AppIntents.framework */ = {isa = PBXFileReference; lastKnownFileType = wrapper.framework; name = AppIntents.framework; path = System/Library/Frameworks/AppIntents.framework; sourceTree = SDKROOT; };
		614794E6E2D71284FDBD73B5 /* WatchRecorderView.swift */ = {isa = PBXFileReference; includeInIndex = 1; lastKnownFileType = sourcecode.swift; path = WatchRecorderView.swift; sourceTree = "<group>"; };
		622B4C7D2F78B09600FDC4CA /* Voxboard WidgetExtension.appex */ = {isa = PBXFileReference; explicitFileType = "wrapper.app-extension"; includeInIndex = 0; path = "Voxboard WidgetExtension.appex"; sourceTree = BUILT_PRODUCTS_DIR; };
		622B4C7F2F78B09600FDC4CA /* WidgetKit.framework */ = {isa = PBXFileReference; lastKnownFileType = wrapper.framework; name = WidgetKit.framework; path = System/Library/Frameworks/WidgetKit.framework; sourceTree = SDKROOT; };
		622B4C812F78B09600FDC4CA /* SwiftUI.framework */ = {isa = PBXFileReference; lastKnownFileType = wrapper.framework; name = SwiftUI.framework; path = System/Library/Frameworks/SwiftUI.framework; sourceTree = SDKROOT; };
		62C9517A2F392ADB001F79DF /* Voxboard.app */ = {isa = PBXFileReference; explicitFileType = wrapper.application; includeInIndex = 0; path = Voxboard.app; sourceTree = BUILT_PRODUCTS_DIR; };
		62C952222F393361001F79DF /* Voxboard Keyboard.appex */ = {isa = PBXFileReference; explicitFileType = "wrapper.app-extension"; includeInIndex = 0; path = "Voxboard Keyboard.appex"; sourceTree = BUILT_PRODUCTS_DIR; };
		64622CB3BC5428FC2A2BD2EC /* Cocoa.framework */ = {isa = PBXFileReference; lastKnownFileType = wrapper.framework; name = Cocoa.framework; path = System/Library/Frameworks/Cocoa.framework; sourceTree = SDKROOT; };
		7AB9642BD71C79ACF551A1DD /* WatchConnectivity.framework */ = {isa = PBXFileReference; lastKnownFileType = wrapper.framework; name = WatchConnectivity.framework; path = System/Library/Frameworks/WatchConnectivity.framework; sourceTree = SDKROOT; };
		7DE4A3528BD946F1CCB74457 /* Voxboard Share Extension.appex */ = {isa = PBXFileReference; explicitFileType = "wrapper.app-extension"; includeInIndex = 0; path = "Voxboard Share Extension.appex"; sourceTree = BUILT_PRODUCTS_DIR; };
		858885847BF7D36167D58E66 /* Voxboard Watch WidgetExtension.appex */ = {isa = PBXFileReference; explicitFileType = "wrapper.app-extension"; includeInIndex = 0; path = "Voxboard Watch WidgetExtension.appex"; sourceTree = BUILT_PRODUCTS_DIR; };
		8CA2E8D9B126FE68EF96A0C1 /* MacStoreManager.swift */ = {isa = PBXFileReference; includeInIndex = 1; lastKnownFileType = sourcecode.swift; name = MacStoreManager.swift; path = "Voxboard Mac/MacStoreManager.swift"; sourceTree = "<group>"; };
		9C52E8DD3842F298B7583550 /* MacRecorder.swift */ = {isa = PBXFileReference; includeInIndex = 1; lastKnownFileType = sourcecode.swift; name = MacRecorder.swift; path = "Voxboard Mac/MacRecorder.swift"; sourceTree = "<group>"; };
		AC22000230010000AABB0002 /* MacMeetingCaptureCoordinator.swift */ = {isa = PBXFileReference; includeInIndex = 1; lastKnownFileType = sourcecode.swift; name = MacMeetingCaptureCoordinator.swift; path = "Voxboard Mac/MacMeetingCaptureCoordinator.swift"; sourceTree = "<group>"; };
		AC23000230020000AABB0002 /* MacActivityView.swift */ = {isa = PBXFileReference; includeInIndex = 1; lastKnownFileType = sourcecode.swift; name = MacActivityView.swift; path = "Voxboard Mac/MacActivityView.swift"; sourceTree = "<group>"; };
		AC23000430020000AABB0004 /* MacFirstRunSetupView.swift */ = {isa = PBXFileReference; includeInIndex = 1; lastKnownFileType = sourcecode.swift; name = MacFirstRunSetupView.swift; path = "Voxboard Mac/MacFirstRunSetupView.swift"; sourceTree = "<group>"; };
		AC24000230030000AABB0002 /* MacBrand.swift */ = {isa = PBXFileReference; includeInIndex = 1; lastKnownFileType = sourcecode.swift; name = MacBrand.swift; path = "Voxboard Mac/MacBrand.swift"; sourceTree = "<group>"; };
		AA7200012FA10000AABB0001 /* Geist-Regular.ttf */ = {isa = PBXFileReference; lastKnownFileType = file; name = "Geist-Regular.ttf"; path = "Voxboard/Fonts/Geist-Regular.ttf"; sourceTree = SOURCE_ROOT; };
		AA7200022FA10000AABB0002 /* Geist-Medium.ttf */ = {isa = PBXFileReference; lastKnownFileType = file; name = "Geist-Medium.ttf"; path = "Voxboard/Fonts/Geist-Medium.ttf"; sourceTree = SOURCE_ROOT; };
		AA7200032FA10000AABB0003 /* Geist-SemiBold.ttf */ = {isa = PBXFileReference; lastKnownFileType = file; name = "Geist-SemiBold.ttf"; path = "Voxboard/Fonts/Geist-SemiBold.ttf"; sourceTree = SOURCE_ROOT; };
		AA7200042FA10000AABB0004 /* GeistMono-Regular.ttf */ = {isa = PBXFileReference; lastKnownFileType = file; name = "GeistMono-Regular.ttf"; path = "Voxboard/Fonts/GeistMono-Regular.ttf"; sourceTree = SOURCE_ROOT; };
		AA7200052FA10000AABB0005 /* GeistMono-Medium.ttf */ = {isa = PBXFileReference; lastKnownFileType = file; name = "GeistMono-Medium.ttf"; path = "Voxboard/Fonts/GeistMono-Medium.ttf"; sourceTree = SOURCE_ROOT; };
		AA8100012FB10000AABB0001 /* MacMarkdownComposerTextView.swift */ = {isa = PBXFileReference; includeInIndex = 1; lastKnownFileType = sourcecode.swift; name = MacMarkdownComposerTextView.swift; path = "Voxboard Mac/MacMarkdownComposerTextView.swift"; sourceTree = "<group>"; };
		AA8100022FB10000AABB0002 /* MacCaptureWorkspaceView.swift */ = {isa = PBXFileReference; includeInIndex = 1; lastKnownFileType = sourcecode.swift; name = MacCaptureWorkspaceView.swift; path = "Voxboard Mac/MacCaptureWorkspaceView.swift"; sourceTree = "<group>"; };
		AA8100032FB10000AABB0003 /* MacDocumentScanProcessor.swift */ = {isa = PBXFileReference; includeInIndex = 1; lastKnownFileType = sourcecode.swift; name = MacDocumentScanProcessor.swift; path = "Voxboard Mac/MacDocumentScanProcessor.swift"; sourceTree = "<group>"; };
		AA8100042FB10000AABB0004 /* MacSketchEditor.swift */ = {isa = PBXFileReference; includeInIndex = 1; lastKnownFileType = sourcecode.swift; name = MacSketchEditor.swift; path = "Voxboard Mac/MacSketchEditor.swift"; sourceTree = "<group>"; };
		AA8100052FB10000AABB0005 /* MacCameraCaptureView.swift */ = {isa = PBXFileReference; includeInIndex = 1; lastKnownFileType = sourcecode.swift; name = MacCameraCaptureView.swift; path = "Voxboard Mac/MacCameraCaptureView.swift"; sourceTree = "<group>"; };
		AA8100062FB10000AABB0006 /* MacEntryTemplateLibraryView.swift */ = {isa = PBXFileReference; includeInIndex = 1; lastKnownFileType = sourcecode.swift; name = MacEntryTemplateLibraryView.swift; path = "Voxboard Mac/MacEntryTemplateLibraryView.swift"; sourceTree = "<group>"; };
		ABF000012FD30000AABB0001 /* Voxboard Watch Tests.xctest */ = {isa = PBXFileReference; explicitFileType = wrapper.cfbundle; includeInIndex = 0; path = "Voxboard Watch Tests.xctest"; sourceTree = BUILT_PRODUCTS_DIR; };
		AAE000012FC00000AABB0001 /* VoxboardTests.xctest */ = {isa = PBXFileReference; explicitFileType = wrapper.cfbundle; includeInIndex = 0; path = VoxboardTests.xctest; sourceTree = BUILT_PRODUCTS_DIR; };
		AAF000002FD10000AABB0002 /* Shared Localizable.xcstrings */ = {isa = PBXFileReference; lastKnownFileType = text.json.xcstrings; name = "Shared Localizable.xcstrings"; path = Voxboard/Localizable.xcstrings; sourceTree = SOURCE_ROOT; };
		AAF100002FD20000AABB0001 /* Mac InfoPlist.xcstrings */ = {isa = PBXFileReference; lastKnownFileType = text.json.xcstrings; name = InfoPlist.xcstrings; path = "Voxboard Mac/InfoPlist.xcstrings"; sourceTree = SOURCE_ROOT; };
		AAF100002FD20000AABB0002 /* Watch InfoPlist.xcstrings */ = {isa = PBXFileReference; lastKnownFileType = text.json.xcstrings; name = InfoPlist.xcstrings; path = "Voxboard Watch/InfoPlist.xcstrings"; sourceTree = SOURCE_ROOT; };
		AAF100002FD20000AABB0003 /* Watch Widget InfoPlist.xcstrings */ = {isa = PBXFileReference; lastKnownFileType = text.json.xcstrings; name = InfoPlist.xcstrings; path = "Voxboard Watch Widget/InfoPlist.xcstrings"; sourceTree = SOURCE_ROOT; };
		AAF100002FD20000AABB0004 /* Share InfoPlist.xcstrings */ = {isa = PBXFileReference; lastKnownFileType = text.json.xcstrings; name = InfoPlist.xcstrings; path = "Voxboard Share Extension/InfoPlist.xcstrings"; sourceTree = SOURCE_ROOT; };
		AB2600012F901000AABB0001 /* FoundationModelsBackend.swift */ = {isa = PBXFileReference; includeInIndex = 1; lastKnownFileType = sourcecode.swift; name = FoundationModelsBackend.swift; path = Voxboard/FoundationModelsBackend.swift; sourceTree = "<group>"; };
		AB7000012FC10000AABB0001 /* MacKeyboardHintCenter.swift */ = {isa = PBXFileReference; includeInIndex = 1; lastKnownFileType = sourcecode.swift; name = MacKeyboardHintCenter.swift; path = "Voxboard Mac/MacKeyboardHintCenter.swift"; sourceTree = "<group>"; };
		ABF0000C2FD30000AABB000C /* WatchLocalRecordingQueueStore.swift */ = {isa = PBXFileReference; includeInIndex = 1; lastKnownFileType = sourcecode.swift; path = WatchLocalRecordingQueueStore.swift; sourceTree = "<group>"; };
		B3C07AF00903494E63299712 /* WatchPhoneBridge.swift */ = {isa = PBXFileReference; includeInIndex = 1; lastKnownFileType = sourcecode.swift; path = WatchPhoneBridge.swift; sourceTree = "<group>"; };
		B42D87F76743327017AE80B3 /* Assets.xcassets */ = {isa = PBXFileReference; includeInIndex = 1; lastKnownFileType = folder.assetcatalog; name = Assets.xcassets; path = Voxboard/Assets.xcassets; sourceTree = "<group>"; };
		B7CCD1646C8EA9E9C4F0979E /* Voxboard.app */ = {isa = PBXFileReference; explicitFileType = wrapper.application; includeInIndex = 0; name = Voxboard.app; path = Vox.md.app; sourceTree = BUILT_PRODUCTS_DIR; };
		B87E2AD42AFB283F1BE3A874 /* Assets.xcassets */ = {isa = PBXFileReference; includeInIndex = 1; lastKnownFileType = folder.assetcatalog; path = Assets.xcassets; sourceTree = "<group>"; };
		BF80EC2190458FB40F6EABF8 /* WatchRecordIntent.swift */ = {isa = PBXFileReference; includeInIndex = 1; lastKnownFileType = sourcecode.swift; path = WatchRecordIntent.swift; sourceTree = "<group>"; };
		D066C42B871E9C98E56C5FAB /* Info.plist */ = {isa = PBXFileReference; includeInIndex = 1; lastKnownFileType = text.plist.xml; path = Info.plist; sourceTree = "<group>"; };
		DC7E10646EA0B56748352D67 /* VoxboardMacApp.swift */ = {isa = PBXFileReference; includeInIndex = 1; lastKnownFileType = sourcecode.swift; name = VoxboardMacApp.swift; path = "Voxboard Mac/VoxboardMacApp.swift"; sourceTree = "<group>"; };
		E411D9457307404E47BB31B1 /* VoxboardWatch.entitlements */ = {isa = PBXFileReference; includeInIndex = 1; lastKnownFileType = text.plist.entitlements; path = VoxboardWatch.entitlements; sourceTree = "<group>"; };
		E4C522195CC549F948AD39CA /* VoxboardWatchApp.swift */ = {isa = PBXFileReference; includeInIndex = 1; lastKnownFileType = sourcecode.swift; path = VoxboardWatchApp.swift; sourceTree = "<group>"; };
		F90F4D7E07966A9D53BE4311 /* GeistTheme.swift */ = {isa = PBXFileReference; includeInIndex = 1; lastKnownFileType = sourcecode.swift; name = GeistTheme.swift; path = Voxboard/GeistTheme.swift; sourceTree = "<group>"; };
		FA22FA2307DC310880D98478 /* VoxboardWatchWidgetBundle.swift */ = {isa = PBXFileReference; includeInIndex = 1; lastKnownFileType = sourcecode.swift; path = VoxboardWatchWidgetBundle.swift; sourceTree = "<group>"; };
/* End PBXFileReference section */

/* Begin PBXFileSystemSynchronizedBuildFileExceptionSet section */
		C2D200012026000000000001 /* Lightweight preset widget files in VoxboardTests */ = {
			isa = PBXFileSystemSynchronizedBuildFileExceptionSet;
			membershipExceptions = (
				CapturePresetWidgetConfiguration.swift,
				CapturePresetWidgetEntity.swift,
				CapturePresetWidgetView.swift,
			);
			target = AAE000032FC00000AABB0003 /* VoxboardTests */;
		};
		622B4C912F78B09700FDC4CA /* Exceptions for "Voxboard Widget" folder in "Voxboard WidgetExtension" target */ = {
			isa = PBXFileSystemSynchronizedBuildFileExceptionSet;
			membershipExceptions = (
				Info.plist,
			);
			target = 622B4C7C2F78B09600FDC4CA /* Voxboard WidgetExtension */;
		};
		622B4C9F2F78B61A00FDC4CA /* Exceptions for "Voxboard" folder in "Voxboard WidgetExtension" target */ = {
			isa = PBXFileSystemSynchronizedBuildFileExceptionSet;
			membershipExceptions = (
				LiveActivityRecordingIntents.swift,
				OpenVoxboardQuickCaptureIntent.swift,
				OpenVoxboardRecordIntent.swift,
			);
			target = 622B4C7C2F78B09600FDC4CA /* Voxboard WidgetExtension */;
		};
		AA1000012F3A0000AABB0001 /* Exceptions for "Voxboard" folder in "Voxboard" target */ = {
			isa = PBXFileSystemSynchronizedBuildFileExceptionSet;
			membershipExceptions = (
				"ggml-base.bin",
				Info.plist,
			);
			target = 62C951792F392ADB001F79DF /* Voxboard */;
		};
		AA1000022F3A0000AABB0002 /* Exceptions for "Voxboard Keyboard" folder in "Voxboard Keyboard" target */ = {
			isa = PBXFileSystemSynchronizedBuildFileExceptionSet;
			membershipExceptions = (
				Info.plist,
			);
			target = 62C952212F393361001F79DF /* Voxboard Keyboard */;
		};
/* End PBXFileSystemSynchronizedBuildFileExceptionSet section */

/* Begin PBXFileSystemSynchronizedRootGroup section */
		622B4C832F78B09600FDC4CA /* Voxboard Widget */ = {
			isa = PBXFileSystemSynchronizedRootGroup;
			exceptions = (
				622B4C912F78B09700FDC4CA /* Exceptions for "Voxboard Widget" folder in "Voxboard WidgetExtension" target */,
				C2D200012026000000000001 /* Lightweight preset widget files in VoxboardTests */,
			);
			path = "Voxboard Widget";
			sourceTree = "<group>";
		};
		62C9517C2F392ADB001F79DF /* Voxboard */ = {
			isa = PBXFileSystemSynchronizedRootGroup;
			exceptions = (
				AA1000012F3A0000AABB0001 /* Exceptions for "Voxboard" folder in "Voxboard" target */,
				622B4C9F2F78B61A00FDC4CA /* Exceptions for "Voxboard" folder in "Voxboard WidgetExtension" target */,
			);
			path = Voxboard;
			sourceTree = "<group>";
		};
		62C952232F393361001F79DF /* Voxboard Keyboard */ = {
			isa = PBXFileSystemSynchronizedRootGroup;
			exceptions = (
				AA1000022F3A0000AABB0002 /* Exceptions for "Voxboard Keyboard" folder in "Voxboard Keyboard" target */,
			);
			path = "Voxboard Keyboard";
			sourceTree = "<group>";
		};
		AA8000012FB00000AABB0001 /* Voxboard App Shared */ = {
			isa = PBXFileSystemSynchronizedRootGroup;
			path = "Voxboard App Shared";
			sourceTree = "<group>";
		};
		ABF000022FD30000AABB0002 /* Voxboard Watch Tests */ = {
			isa = PBXFileSystemSynchronizedRootGroup;
			path = "Voxboard Watch Tests";
			sourceTree = "<group>";
		};
		AAE000022FC00000AABB0002 /* VoxboardTests */ = {
			isa = PBXFileSystemSynchronizedRootGroup;
			path = VoxboardTests;
			sourceTree = "<group>";
		};
/* End PBXFileSystemSynchronizedRootGroup section */

/* Begin PBXFrameworksBuildPhase section */
		6124A4EA07B4304C9A8E0A2D /* Frameworks */ = {
			isa = PBXFrameworksBuildPhase;
			buildActionMask = 2147483647;
			files = (
				648A49CD4D1ACFCFBB67F7A0 /* SwiftUI.framework in Frameworks */,
				B2D00855F0FF7DCEB1C58193 /* WidgetKit.framework in Frameworks */,
				E219DDE37D467A68C647AB0F /* AppIntents.framework in Frameworks */,
				E6BDE22432705EE570DD1FA2 /* WatchConnectivity.framework in Frameworks */,
			);
			runOnlyForDeploymentPostprocessing = 0;
		};
		622B4C7A2F78B09600FDC4CA /* Frameworks */ = {
			isa = PBXFrameworksBuildPhase;
			buildActionMask = 2147483647;
			files = (
				622B4C822F78B09600FDC4CA /* SwiftUI.framework in Frameworks */,
				622B4C802F78B09600FDC4CA /* WidgetKit.framework in Frameworks */,
				AA0000082F394000AABBCC08 /* VoxboardShared in Frameworks */,
				C2ADED8731A64AD5B9C71C98 /* AppIntents.framework in Frameworks */,
			);
			runOnlyForDeploymentPostprocessing = 0;
		};
		62C951772F392ADB001F79DF /* Frameworks */ = {
			isa = PBXFrameworksBuildPhase;
			buildActionMask = 2147483647;
			files = (
				62C952852F393BB1001F79DF /* KeyboardKit in Frameworks */,
				AA9000012F900000AABB0001 /* Notelet in Frameworks */,
				AA0000042F394000AABBCC04 /* VoxboardShared in Frameworks */,
				AB147B12EBE0E233F987E666 /* WatchConnectivity.framework in Frameworks */,
				9A88FFAAB233EA68275E8015 /* AppIntents.framework in Frameworks */,
			);
			runOnlyForDeploymentPostprocessing = 0;
		};
		62C9521F2F393361001F79DF /* Frameworks */ = {
			isa = PBXFrameworksBuildPhase;
			buildActionMask = 2147483647;
			files = (
				AA0000052F394000AABBCC05 /* VoxboardShared in Frameworks */,
			);
			runOnlyForDeploymentPostprocessing = 0;
		};
		808C6DEEE40F2454C1B625AE /* Frameworks */ = {
			isa = PBXFrameworksBuildPhase;
			buildActionMask = 2147483647;
			files = (
				AA4400012FF40000AABB0001 /* VoxboardCaptureCore in Frameworks */,
				589961863954D6E337BBE873 /* SwiftUI.framework in Frameworks */,
				9741189007D83392AC69265E /* WatchConnectivity.framework in Frameworks */,
				31E8A2E9C0A2A47C51EAEE2B /* AppIntents.framework in Frameworks */,
				7F2CEC8256690C8C2D92E97D /* AVFoundation.framework in Frameworks */,
			);
			runOnlyForDeploymentPostprocessing = 0;
		};
		98FF7F7E6DB0F3B87A5ED01C /* Frameworks */ = {
			isa = PBXFrameworksBuildPhase;
			buildActionMask = 2147483647;
			files = (
				980C04404AB6C692BDA12016 /* Cocoa.framework in Frameworks */,
				AC5100012FD00000AABB0001 /* AppIntents.framework in Frameworks */,
				FB3BB675A89471D862FE7343 /* VoxboardShared in Frameworks */,
			);
			runOnlyForDeploymentPostprocessing = 0;
		};
		AAE000052FC00000AABB0005 /* Frameworks */ = {
			isa = PBXFrameworksBuildPhase;
			buildActionMask = 2147483647;
			files = (
			);
			runOnlyForDeploymentPostprocessing = 0;
		};
		BDE99312A303E015E40C2777 /* Frameworks */ = {
			isa = PBXFrameworksBuildPhase;
			buildActionMask = 2147483647;
			files = (
				297BB61327EC182072BDB12C /* Foundation.framework in Frameworks */,
				CB75780FE782BA0A0A872166 /* VoxboardCaptureCore in Frameworks */,
				CA1000012FE00000AABB0001 /* VoxboardShared in Frameworks */,
			);
			runOnlyForDeploymentPostprocessing = 0;
		};
/* End PBXFrameworksBuildPhase section */

/* Begin PBXGroup section */
		339B9880237B6C686475B64C /* Voxboard Mac */ = {
			isa = PBXGroup;
			children = (
				AAF100002FD20000AABB0001 /* Mac InfoPlist.xcstrings */,
				DC7E10646EA0B56748352D67 /* VoxboardMacApp.swift */,
				AB7000012FC10000AABB0001 /* MacKeyboardHintCenter.swift */,
				39AB3B931CCF85C9706AD3C0 /* MacRootView.swift */,
				9C52E8DD3842F298B7583550 /* MacRecorder.swift */,
				AC22000230010000AABB0002 /* MacMeetingCaptureCoordinator.swift */,
				AC23000230020000AABB0002 /* MacActivityView.swift */,
				AC23000430020000AABB0004 /* MacFirstRunSetupView.swift */,
				AC24000230030000AABB0002 /* MacBrand.swift */,
				8CA2E8D9B126FE68EF96A0C1 /* MacStoreManager.swift */,
				1926268D6D235EA2E6308151 /* VoxboardMac.entitlements */,
				B42D87F76743327017AE80B3 /* Assets.xcassets */,
				0E677AA769638A47ADF10537 /* MacCaptureDestinationLibraryView.swift */,
				AA8100012FB10000AABB0001 /* MacMarkdownComposerTextView.swift */,
				AA8100022FB10000AABB0002 /* MacCaptureWorkspaceView.swift */,
				AA8100032FB10000AABB0003 /* MacDocumentScanProcessor.swift */,
				AA8100042FB10000AABB0004 /* MacSketchEditor.swift */,
				AA8100052FB10000AABB0005 /* MacCameraCaptureView.swift */,
				AA8100062FB10000AABB0006 /* MacEntryTemplateLibraryView.swift */,
				AA7200012FA10000AABB0001 /* Geist-Regular.ttf */,
				AA7200022FA10000AABB0002 /* Geist-Medium.ttf */,
				AA7200032FA10000AABB0003 /* Geist-SemiBold.ttf */,
				AA7200042FA10000AABB0004 /* GeistMono-Regular.ttf */,
				AA7200052FA10000AABB0005 /* GeistMono-Medium.ttf */,
			);
			name = "Voxboard Mac";
			sourceTree = "<group>";
		};
		4E73D3BA542E2D5EDB72EF9B /* OS X */ = {
			isa = PBXGroup;
			children = (
				64622CB3BC5428FC2A2BD2EC /* Cocoa.framework */,
			);
			name = "OS X";
			sourceTree = "<group>";
		};
		622B4C7E2F78B09600FDC4CA /* Frameworks */ = {
			isa = PBXGroup;
			children = (
				622B4C7F2F78B09600FDC4CA /* WidgetKit.framework */,
				622B4C812F78B09600FDC4CA /* SwiftUI.framework */,
				4E73D3BA542E2D5EDB72EF9B /* OS X */,
				91F916A3B2CE78A07AA19C23 /* watchOS */,
				5B2716061A8670082BD64BD6 /* AppIntents.framework */,
				7AB9642BD71C79ACF551A1DD /* WatchConnectivity.framework */,
				4CCFF1BCDC1C2D04F6D843F7 /* AVFoundation.framework */,
				74AFA42FBCBCCEFE0B1B16BE /* iOS */,
			);
			name = Frameworks;
			sourceTree = "<group>";
		};
		62C951712F392ADB001F79DF = {
			isa = PBXGroup;
			children = (
				AAF000002FD10000AABB0002 /* Shared Localizable.xcstrings */,
				62C9517C2F392ADB001F79DF /* Voxboard */,
				AA8000012FB00000AABB0001 /* Voxboard App Shared */,
				62C952232F393361001F79DF /* Voxboard Keyboard */,
				622B4C832F78B09600FDC4CA /* Voxboard Widget */,
				622B4C7E2F78B09600FDC4CA /* Frameworks */,
				62C9517B2F392ADB001F79DF /* Products */,
				339B9880237B6C686475B64C /* Voxboard Mac */,
				F90F4D7E07966A9D53BE4311 /* GeistTheme.swift */,
				AB2600012F901000AABB0001 /* FoundationModelsBackend.swift */,
				E7FA8828C3CD57B5295A6C02 /* Voxboard Watch Shared */,
				B0142BC822AB83EF750ED30C /* Voxboard Watch */,
				6EC8A447993E0439CE87DF71 /* Voxboard Watch Widget */,
				C7146BA1A0F6BF8D87B7017C /* Voxboard Share Extension */,
				ABF000022FD30000AABB0002 /* Voxboard Watch Tests */,
				AAE000022FC00000AABB0002 /* VoxboardTests */,
			);
			sourceTree = "<group>";
		};
		62C9517B2F392ADB001F79DF /* Products */ = {
			isa = PBXGroup;
			children = (
				62C9517A2F392ADB001F79DF /* Voxboard.app */,
				62C952222F393361001F79DF /* Voxboard Keyboard.appex */,
				622B4C7D2F78B09600FDC4CA /* Voxboard WidgetExtension.appex */,
				B7CCD1646C8EA9E9C4F0979E /* Voxboard.app */,
				0F9B6BE6CEFCD7819FE5AE0E /* Voxboard Watch.app */,
				858885847BF7D36167D58E66 /* Voxboard Watch WidgetExtension.appex */,
				7DE4A3528BD946F1CCB74457 /* Voxboard Share Extension.appex */,
				ABF000012FD30000AABB0001 /* Voxboard Watch Tests.xctest */,
				AAE000012FC00000AABB0001 /* VoxboardTests.xctest */,
			);
			name = Products;
			sourceTree = "<group>";
		};
		6EC8A447993E0439CE87DF71 /* Voxboard Watch Widget */ = {
			isa = PBXGroup;
			children = (
				AAF100002FD20000AABB0003 /* Watch Widget InfoPlist.xcstrings */,
				FA22FA2307DC310880D98478 /* VoxboardWatchWidgetBundle.swift */,
				0F926D3AB92C2D7C92D46C11 /* VoxboardWatchRecordWidget.swift */,
				BF80EC2190458FB40F6EABF8 /* WatchRecordIntent.swift */,
				008ECCDCB83672995A1B5957 /* Assets.xcassets */,
				304CB27C4D83F560F24800DE /* Info.plist */,
				4ACEA78712DEF9F37B567D0B /* VoxboardWatchWidget.entitlements */,
			);
			path = "Voxboard Watch Widget";
			sourceTree = "<group>";
		};
		74AFA42FBCBCCEFE0B1B16BE /* iOS */ = {
			isa = PBXGroup;
			children = (
				02DA1EF2BDE8054CD5132FD0 /* Foundation.framework */,
			);
			name = iOS;
			sourceTree = "<group>";
		};
		91F916A3B2CE78A07AA19C23 /* watchOS */ = {
			isa = PBXGroup;
			children = (
			);
			name = watchOS;
			sourceTree = "<group>";
		};
		B0142BC822AB83EF750ED30C /* Voxboard Watch */ = {
			isa = PBXGroup;
			children = (
				AAF100002FD20000AABB0002 /* Watch InfoPlist.xcstrings */,
				E4C522195CC549F948AD39CA /* VoxboardWatchApp.swift */,
				614794E6E2D71284FDBD73B5 /* WatchRecorderView.swift */,
				B87E2AD42AFB283F1BE3A874 /* Assets.xcassets */,
				323F2282E73DC8ACFDBBBA81 /* Info.plist */,
				E411D9457307404E47BB31B1 /* VoxboardWatch.entitlements */,
				4BFB1830AF373999FB394750 /* WatchLocalRecorder.swift */,
			);
			path = "Voxboard Watch";
			sourceTree = "<group>";
		};
		C7146BA1A0F6BF8D87B7017C /* Voxboard Share Extension */ = {
			isa = PBXGroup;
			children = (
				AAF100002FD20000AABB0004 /* Share InfoPlist.xcstrings */,
				46AD4BA7D540CBA8530066F9 /* ShareViewController.swift */,
				D066C42B871E9C98E56C5FAB /* Info.plist */,
				26EFE5EF3EA09B33DF4039CD /* VoxboardShare.entitlements */,
			);
			path = "Voxboard Share Extension";
			sourceTree = "<group>";
		};
		E7FA8828C3CD57B5295A6C02 /* Voxboard Watch Shared */ = {
			isa = PBXGroup;
			children = (
				ABF0000C2FD30000AABB000C /* WatchLocalRecordingQueueStore.swift */,
				B3C07AF00903494E63299712 /* WatchPhoneBridge.swift */,
			);
			path = "Voxboard Watch Shared";
			sourceTree = "<group>";
		};
/* End PBXGroup section */

/* Begin PBXNativeTarget section */
		0E3F2B4FB4813EC6D280C148 /* Voxboard Watch WidgetExtension */ = {
			isa = PBXNativeTarget;
			buildConfigurationList = 73E1E58815E2033E10F7EAB2 /* Build configuration list for PBXNativeTarget "Voxboard Watch WidgetExtension" */;
			buildPhases = (
				D7349EF029212F9D1D4EB969 /* Sources */,
				6124A4EA07B4304C9A8E0A2D /* Frameworks */,
				D122628C86B6EDB5B6374F13 /* Resources */,
			);
			buildRules = (
			);
			dependencies = (
			);
			name = "Voxboard Watch WidgetExtension";
			productName = "Voxboard Watch WidgetExtension";
			productReference = 858885847BF7D36167D58E66 /* Voxboard Watch WidgetExtension.appex */;
			productType = "com.apple.product-type.app-extension";
		};
		622B4C7C2F78B09600FDC4CA /* Voxboard WidgetExtension */ = {
			isa = PBXNativeTarget;
			buildConfigurationList = 622B4C902F78B09700FDC4CA /* Build configuration list for PBXNativeTarget "Voxboard WidgetExtension" */;
			buildPhases = (
				622B4C792F78B09600FDC4CA /* Sources */,
				622B4C7A2F78B09600FDC4CA /* Frameworks */,
				622B4C7B2F78B09600FDC4CA /* Resources */,
			);
			buildRules = (
			);
			dependencies = (
			);
			fileSystemSynchronizedGroups = (
				622B4C832F78B09600FDC4CA /* Voxboard Widget */,
			);
			name = "Voxboard WidgetExtension";
			packageProductDependencies = (
				AA0000092F394000AABBCC09 /* VoxboardShared */,
			);
			productName = "Voxboard WidgetExtension";
			productReference = 622B4C7D2F78B09600FDC4CA /* Voxboard WidgetExtension.appex */;
			productType = "com.apple.product-type.app-extension";
		};
		62C951792F392ADB001F79DF /* Voxboard */ = {
			isa = PBXNativeTarget;
			buildConfigurationList = 62C951852F392ADC001F79DF /* Build configuration list for PBXNativeTarget "Voxboard" */;
			buildPhases = (
				62C951762F392ADB001F79DF /* Sources */,
				62C951772F392ADB001F79DF /* Frameworks */,
				62C951782F392ADB001F79DF /* Resources */,
				62C9522E2F393361001F79DF /* Embed Foundation Extensions */,
				23F0D913E193F30F556C2E5D /* Embed Watch Content */,
			);
			buildRules = (
			);
			dependencies = (
				62C952282F393361001F79DF /* PBXTargetDependency */,
				622B4C8C2F78B09700FDC4CA /* PBXTargetDependency */,
				833123CB6096C1BFD9300F78 /* PBXTargetDependency */,
				6D2696C9602277B6D390649B /* PBXTargetDependency */,
			);
			fileSystemSynchronizedGroups = (
				62C9517C2F392ADB001F79DF /* Voxboard */,
				AA8000012FB00000AABB0001 /* Voxboard App Shared */,
			);
			name = Voxboard;
			packageProductDependencies = (
				62C952842F393BB1001F79DF /* KeyboardKit */,
				AA9000032F900000AABB0003 /* Notelet */,
				AA0000022F394000AABBCC02 /* VoxboardShared */,
			);
			productName = Voxboard;
			productReference = 62C9517A2F392ADB001F79DF /* Voxboard.app */;
			productType = "com.apple.product-type.application";
		};
		62C952212F393361001F79DF /* Voxboard Keyboard */ = {
			isa = PBXNativeTarget;
			buildConfigurationList = 62C9522B2F393361001F79DF /* Build configuration list for PBXNativeTarget "Voxboard Keyboard" */;
			buildPhases = (
				62C9521E2F393361001F79DF /* Sources */,
				62C9521F2F393361001F79DF /* Frameworks */,
				62C952202F393361001F79DF /* Resources */,
			);
			buildRules = (
			);
			dependencies = (
			);
			fileSystemSynchronizedGroups = (
				62C952232F393361001F79DF /* Voxboard Keyboard */,
			);
			name = "Voxboard Keyboard";
			packageProductDependencies = (
				AA0000032F394000AABBCC03 /* VoxboardShared */,
			);
			productName = "Voxboard Keyboard";
			productReference = 62C952222F393361001F79DF /* Voxboard Keyboard.appex */;
			productType = "com.apple.product-type.app-extension";
		};
		6DF3EC8D8CB741DA65803ECF /* Voxboard Mac */ = {
			isa = PBXNativeTarget;
			buildConfigurationList = D0851AD90D66AA9242563BCC /* Build configuration list for PBXNativeTarget "Voxboard Mac" */;
			buildPhases = (
				D27E32EC79DC5AA88EADA245 /* Sources */,
				98FF7F7E6DB0F3B87A5ED01C /* Frameworks */,
				DBA7562BACCFD97B4C9947AA /* Resources */,
			);
			buildRules = (
			);
			dependencies = (
			);
			fileSystemSynchronizedGroups = (
				AA8000012FB00000AABB0001 /* Voxboard App Shared */,
			);
			name = "Voxboard Mac";
			packageProductDependencies = (
				5DCFFC6C307F334D1C010608 /* VoxboardShared */,
			);
			productName = Voxboard;
			productReference = B7CCD1646C8EA9E9C4F0979E /* Voxboard.app */;
			productType = "com.apple.product-type.application";
		};
		ABF000032FD30000AABB0003 /* Voxboard Watch Tests */ = {
			isa = PBXNativeTarget;
			buildConfigurationList = ABF000072FD30000AABB0007 /* Build configuration list for PBXNativeTarget "Voxboard Watch Tests" */;
			buildPhases = (
				ABF000042FD30000AABB0004 /* Sources */,
				ABF000052FD30000AABB0005 /* Frameworks */,
				ABF000062FD30000AABB0006 /* Resources */,
			);
			buildRules = ();
			dependencies = ();
			fileSystemSynchronizedGroups = (
				ABF000022FD30000AABB0002 /* Voxboard Watch Tests */,
			);
			name = "Voxboard Watch Tests";
			packageProductDependencies = (
				0E291E4ACFADDC4D1EC10382 /* VoxboardCaptureCore */,
			);
			productName = VoxboardWatchTests;
			productReference = ABF000012FD30000AABB0001 /* Voxboard Watch Tests.xctest */;
			productType = "com.apple.product-type.bundle.unit-test";
		};
		AAE000032FC00000AABB0003 /* VoxboardTests */ = {
			isa = PBXNativeTarget;
			buildConfigurationList = AAE000072FC00000AABB0007 /* Build configuration list for PBXNativeTarget "VoxboardTests" */;
			buildPhases = (
				AAE000042FC00000AABB0004 /* Sources */,
				AAE000052FC00000AABB0005 /* Frameworks */,
				AAE000062FC00000AABB0006 /* Resources */,
			);
			buildRules = (
			);
			dependencies = (
				AAE0000B2FC00000AABB000B /* PBXTargetDependency */,
			);
			fileSystemSynchronizedGroups = (
				AAE000022FC00000AABB0002 /* VoxboardTests */,
			);
			name = VoxboardTests;
			productName = VoxboardTests;
			productReference = AAE000012FC00000AABB0001 /* VoxboardTests.xctest */;
			productType = "com.apple.product-type.bundle.unit-test";
		};
		C71CE7A43218B927DE0188B1 /* Voxboard Share Extension */ = {
			isa = PBXNativeTarget;
			buildConfigurationList = F7D587468C0CDBD4375CFEC6 /* Build configuration list for PBXNativeTarget "Voxboard Share Extension" */;
			buildPhases = (
				DA60B13ED7723DAB914AE43B /* Sources */,
				BDE99312A303E015E40C2777 /* Frameworks */,
				0AD316EFA7818FCBE07E7903 /* Resources */,
			);
			buildRules = (
			);
			dependencies = (
			);
			name = "Voxboard Share Extension";
			packageProductDependencies = (
				0E291E4ACFADDC4D1EC10382 /* VoxboardCaptureCore */,
				CA1000022FE00000AABB0002 /* VoxboardShared */,
			);
			productName = "Voxboard Share Extension";
			productReference = 7DE4A3528BD946F1CCB74457 /* Voxboard Share Extension.appex */;
			productType = "com.apple.product-type.app-extension";
		};
		F0DA80EAA05F61E44B2AA91C /* Voxboard Watch */ = {
			isa = PBXNativeTarget;
			buildConfigurationList = 306038AFBB249D3B4642CA39 /* Build configuration list for PBXNativeTarget "Voxboard Watch" */;
			buildPhases = (
				368489E2B6B641D7DAFE1B40 /* Sources */,
				808C6DEEE40F2454C1B625AE /* Frameworks */,
				D23DF9636EE2216AD7AA22D4 /* Resources */,
				7FFB9ECF00B5C81A90766E72 /* Embed Foundation Extensions */,
			);
			buildRules = (
			);
			dependencies = (
				833FF0A7E1CC4DD5036D043E /* PBXTargetDependency */,
			);
			name = "Voxboard Watch";
			packageProductDependencies = (
				0E291E4ACFADDC4D1EC10382 /* VoxboardCaptureCore */,
			);
			productName = "Voxboard Watch";
			productReference = 0F9B6BE6CEFCD7819FE5AE0E /* Voxboard Watch.app */;
			productType = "com.apple.product-type.application";
		};
/* End PBXNativeTarget section */

/* Begin PBXProject section */
		62C951722F392ADB001F79DF /* Project object */ = {
			isa = PBXProject;
			attributes = {
				BuildIndependentTargetsInParallel = 1;
				LastSwiftUpdateCheck = 2630;
				LastUpgradeCheck = 2620;
				TargetAttributes = {
					0E3F2B4FB4813EC6D280C148 = {
						CreatedOnToolsVersion = 26.3;
					};
					622B4C7C2F78B09600FDC4CA = {
						CreatedOnToolsVersion = 26.3;
					};
					62C951792F392ADB001F79DF = {
						CreatedOnToolsVersion = 26.2;
					};
					62C952212F393361001F79DF = {
						CreatedOnToolsVersion = 26.2;
					};
					F0DA80EAA05F61E44B2AA91C = {
						CreatedOnToolsVersion = 26.3;
					};
				};
			};
			buildConfigurationList = 62C951752F392ADB001F79DF /* Build configuration list for PBXProject "Voxboard" */;
			developmentRegion = en;
			hasScannedForEncodings = 0;
			knownRegions = (
				en,
				Base,
				ar,
				bn,
				de,
				es,
				fr,
				hi,
				id,
				it,
				ja,
				ko,
				nl,
				pl,
				"pt-BR",
				ru,
				ta,
				th,
				tr,
				uk,
				ur,
				vi,
				"zh-Hans",
				"zh-Hant",
			);
			mainGroup = 62C951712F392ADB001F79DF;
			minimizedProjectReferenceProxies = 1;
			packageReferences = (
				62C952832F393BB1001F79DF /* XCRemoteSwiftPackageReference "KeyboardKit" */,
				AA9000022F900000AABB0002 /* XCRemoteSwiftPackageReference "notelet" */,
				AA0000012F394000AABBCC01 /* XCLocalSwiftPackageReference "Packages/VoxboardShared" */,
			);
			preferredProjectObjectVersion = 77;
			productRefGroup = 62C9517B2F392ADB001F79DF /* Products */;
			projectDirPath = "";
			projectRoot = "";
			targets = (
				62C951792F392ADB001F79DF /* Voxboard */,
				62C952212F393361001F79DF /* Voxboard Keyboard */,
				622B4C7C2F78B09600FDC4CA /* Voxboard WidgetExtension */,
				6DF3EC8D8CB741DA65803ECF /* Voxboard Mac */,
				F0DA80EAA05F61E44B2AA91C /* Voxboard Watch */,
				0E3F2B4FB4813EC6D280C148 /* Voxboard Watch WidgetExtension */,
				C71CE7A43218B927DE0188B1 /* Voxboard Share Extension */,
				ABF000032FD30000AABB0003 /* Voxboard Watch Tests */,
				AAE000032FC00000AABB0003 /* VoxboardTests */,
			);
		};
/* End PBXProject section */

/* Begin PBXResourcesBuildPhase section */
		0AD316EFA7818FCBE07E7903 /* Resources */ = {
			isa = PBXResourcesBuildPhase;
			buildActionMask = 2147483647;
			files = (
				AAF000052FD10000AABB0105 /* Shared Localizable.xcstrings in Resources */,
				AAF100042FD20000AABB0104 /* Share InfoPlist.xcstrings in Resources */,
			);
			runOnlyForDeploymentPostprocessing = 0;
		};
		622B4C7B2F78B09600FDC4CA /* Resources */ = {
			isa = PBXResourcesBuildPhase;
			buildActionMask = 2147483647;
			files = (
				AAF000042FD10000AABB0104 /* Shared Localizable.xcstrings in Resources */,
			);
			runOnlyForDeploymentPostprocessing = 0;
		};
		62C951782F392ADB001F79DF /* Resources */ = {
			isa = PBXResourcesBuildPhase;
			buildActionMask = 2147483647;
			files = (
			);
			runOnlyForDeploymentPostprocessing = 0;
		};
		62C952202F393361001F79DF /* Resources */ = {
			isa = PBXResourcesBuildPhase;
			buildActionMask = 2147483647;
			files = (
			);
			runOnlyForDeploymentPostprocessing = 0;
		};
		AAE000062FC00000AABB0006 /* Resources */ = {
			isa = PBXResourcesBuildPhase;
			buildActionMask = 2147483647;
			files = (
			);
			runOnlyForDeploymentPostprocessing = 0;
		};
		D122628C86B6EDB5B6374F13 /* Resources */ = {
			isa = PBXResourcesBuildPhase;
			buildActionMask = 2147483647;
			files = (
				2A924FF497500A771ED48B42 /* Assets.xcassets in Resources */,
				AAF000032FD10000AABB0103 /* Shared Localizable.xcstrings in Resources */,
				AAF100032FD20000AABB0103 /* Watch Widget InfoPlist.xcstrings in Resources */,
			);
			runOnlyForDeploymentPostprocessing = 0;
		};
		D23DF9636EE2216AD7AA22D4 /* Resources */ = {
			isa = PBXResourcesBuildPhase;
			buildActionMask = 2147483647;
			files = (
				36A8248FC9457C0B6D996F12 /* Assets.xcassets in Resources */,
				AAF000022FD10000AABB0102 /* Shared Localizable.xcstrings in Resources */,
				AAF100022FD20000AABB0102 /* Watch InfoPlist.xcstrings in Resources */,
			);
			runOnlyForDeploymentPostprocessing = 0;
		};
		DBA7562BACCFD97B4C9947AA /* Resources */ = {
			isa = PBXResourcesBuildPhase;
			buildActionMask = 2147483647;
			files = (
				154ED7783EDFF91EC1D07921 /* Assets.xcassets in Resources */,
				AAF000012FD10000AABB0101 /* Shared Localizable.xcstrings in Resources */,
				AAF100012FD20000AABB0101 /* Mac InfoPlist.xcstrings in Resources */,
				AA7100012FA10000AABB0001 /* Geist-Regular.ttf in Resources */,
				AA7100022FA10000AABB0002 /* Geist-Medium.ttf in Resources */,
				AA7100032FA10000AABB0003 /* Geist-SemiBold.ttf in Resources */,
				AA7100042FA10000AABB0004 /* GeistMono-Regular.ttf in Resources */,
				AA7100052FA10000AABB0005 /* GeistMono-Medium.ttf in Resources */,
			);
			runOnlyForDeploymentPostprocessing = 0;
		};
/* End PBXResourcesBuildPhase section */

/* Begin PBXSourcesBuildPhase section */
		368489E2B6B641D7DAFE1B40 /* Sources */ = {
			isa = PBXSourcesBuildPhase;
			buildActionMask = 2147483647;
			files = (
				1A730FB345D4C90BB942A23D /* WatchPhoneBridge.swift in Sources */,
				ABF0000B2FD30000AABB000B /* WatchLocalRecordingQueueStore.swift in Sources */,
				C7E080794026AF997D984BA1 /* VoxboardWatchApp.swift in Sources */,
				B697081A9BF8FA5A952C4260 /* WatchRecorderView.swift in Sources */,
				F3691CC13571407D4CB11C0E /* WatchLocalRecorder.swift in Sources */,
			);
			runOnlyForDeploymentPostprocessing = 0;
		};
		622B4C792F78B09600FDC4CA /* Sources */ = {
			isa = PBXSourcesBuildPhase;
			buildActionMask = 2147483647;
			files = (
			);
			runOnlyForDeploymentPostprocessing = 0;
		};
		62C951762F392ADB001F79DF /* Sources */ = {
			isa = PBXSourcesBuildPhase;
			buildActionMask = 2147483647;
			files = (
			);
			runOnlyForDeploymentPostprocessing = 0;
		};
		62C9521E2F393361001F79DF /* Sources */ = {
			isa = PBXSourcesBuildPhase;
			buildActionMask = 2147483647;
			files = (
			);
			runOnlyForDeploymentPostprocessing = 0;
		};
		ABF000042FD30000AABB0004 /* Sources */ = {isa = PBXSourcesBuildPhase; buildActionMask = 2147483647; files = (ABF0000A2FD30000AABB000A /* WatchPhoneBridge.swift in Sources */, ABF0000D2FD30000AABB000D /* WatchLocalRecordingQueueStore.swift in Sources */,); runOnlyForDeploymentPostprocessing = 0; };
		ABF000052FD30000AABB0005 /* Frameworks */ = {isa = PBXFrameworksBuildPhase; buildActionMask = 2147483647; files = (ABF0000E2FD30000AABB000E /* VoxboardCaptureCore in Frameworks */,); runOnlyForDeploymentPostprocessing = 0; };
		ABF000062FD30000AABB0006 /* Resources */ = {isa = PBXResourcesBuildPhase; buildActionMask = 2147483647; files = (); runOnlyForDeploymentPostprocessing = 0; };
		AAE000042FC00000AABB0004 /* Sources */ = {
			isa = PBXSourcesBuildPhase;
			buildActionMask = 2147483647;
			files = (
			);
			runOnlyForDeploymentPostprocessing = 0;
		};
		D27E32EC79DC5AA88EADA245 /* Sources */ = {
			isa = PBXSourcesBuildPhase;
			buildActionMask = 2147483647;
			files = (
				E00A9CF58799DA14B1DFFCCD /* VoxboardMacApp.swift in Sources */,
				AB7000022FC10000AABB0002 /* MacKeyboardHintCenter.swift in Sources */,
				F714E206EA01CB59CAD495BC /* MacRootView.swift in Sources */,
				9B15EF5409110CBDF04C40C5 /* MacRecorder.swift in Sources */,
				AC22000130010000AABB0001 /* MacMeetingCaptureCoordinator.swift in Sources */,
				AC23000130020000AABB0001 /* MacActivityView.swift in Sources */,
				AC23000330020000AABB0003 /* MacFirstRunSetupView.swift in Sources */,
				AC24000130030000AABB0001 /* MacBrand.swift in Sources */,
				643BAC287FB3B9EB19C8A1D8 /* MacStoreManager.swift in Sources */,
				4C3693BE5FAD3AE5C0A78C74 /* GeistTheme.swift in Sources */,
				AB2600022F901000AABB0002 /* FoundationModelsBackend.swift in Sources */,
				BE87FA933F43142EEB43DF34 /* MacCaptureDestinationLibraryView.swift in Sources */,
				AA8101012FB10000AABB0101 /* MacMarkdownComposerTextView.swift in Sources */,
				AA8101022FB10000AABB0102 /* MacCaptureWorkspaceView.swift in Sources */,
				AA8101032FB10000AABB0103 /* MacDocumentScanProcessor.swift in Sources */,
				AA8101042FB10000AABB0104 /* MacSketchEditor.swift in Sources */,
				AA8101052FB10000AABB0105 /* MacCameraCaptureView.swift in Sources */,
				AA8101062FB10000AABB0106 /* MacEntryTemplateLibraryView.swift in Sources */,
			);
			runOnlyForDeploymentPostprocessing = 0;
		};
		D7349EF029212F9D1D4EB969 /* Sources */ = {
			isa = PBXSourcesBuildPhase;
			buildActionMask = 2147483647;
			files = (
				9FB3CC3FCE8835EF0A18652A /* WatchPhoneBridge.swift in Sources */,
				429202882094E3CB01FC0A93 /* VoxboardWatchWidgetBundle.swift in Sources */,
				3AA4E43629BFE12F579EB244 /* VoxboardWatchRecordWidget.swift in Sources */,
				FFE3EC5B7FB2E36AFE75DDD9 /* WatchRecordIntent.swift in Sources */,
			);
			runOnlyForDeploymentPostprocessing = 0;
		};
		DA60B13ED7723DAB914AE43B /* Sources */ = {
			isa = PBXSourcesBuildPhase;
			buildActionMask = 2147483647;
			files = (
				BE5B35152DDF08F23D11F96B /* ShareViewController.swift in Sources */,
			);
			runOnlyForDeploymentPostprocessing = 0;
		};
/* End PBXSourcesBuildPhase section */

/* Begin PBXTargetDependency section */
		622B4C8C2F78B09700FDC4CA /* PBXTargetDependency */ = {
			isa = PBXTargetDependency;
			target = 622B4C7C2F78B09600FDC4CA /* Voxboard WidgetExtension */;
			targetProxy = 622B4C8B2F78B09700FDC4CA /* PBXContainerItemProxy */;
		};
		62C952282F393361001F79DF /* PBXTargetDependency */ = {
			isa = PBXTargetDependency;
			target = 62C952212F393361001F79DF /* Voxboard Keyboard */;
			targetProxy = 62C952272F393361001F79DF /* PBXContainerItemProxy */;
		};
		6D2696C9602277B6D390649B /* PBXTargetDependency */ = {
			isa = PBXTargetDependency;
			name = "Voxboard Share Extension";
			target = C71CE7A43218B927DE0188B1 /* Voxboard Share Extension */;
			targetProxy = 646AADA2E23DF1A21D5A1DF7 /* PBXContainerItemProxy */;
		};
		833123CB6096C1BFD9300F78 /* PBXTargetDependency */ = {
			isa = PBXTargetDependency;
			name = "Voxboard Watch";
			target = F0DA80EAA05F61E44B2AA91C /* Voxboard Watch */;
			targetProxy = 5273E0FB3CF7859C6AA99258 /* PBXContainerItemProxy */;
		};
		833FF0A7E1CC4DD5036D043E /* PBXTargetDependency */ = {
			isa = PBXTargetDependency;
			name = "Voxboard Watch WidgetExtension";
			target = 0E3F2B4FB4813EC6D280C148 /* Voxboard Watch WidgetExtension */;
			targetProxy = 81431388DDED46BAA888D9A5 /* PBXContainerItemProxy */;
		};
		AAE0000B2FC00000AABB000B /* PBXTargetDependency */ = {
			isa = PBXTargetDependency;
			name = Voxboard;
			target = 62C951792F392ADB001F79DF /* Voxboard */;
			targetProxy = AAE0000A2FC00000AABB000A /* PBXContainerItemProxy */;
		};
/* End PBXTargetDependency section */

/* Begin XCBuildConfiguration section */
		340AC23AE55129D57C3BC903 /* Release */ = {
			isa = XCBuildConfiguration;
			buildSettings = {
				ASSETCATALOG_COMPILER_GLOBAL_ACCENT_COLOR_NAME = AccentColor;
				ASSETCATALOG_COMPILER_WIDGET_BACKGROUND_COLOR_NAME = WidgetBackground;
				CODE_SIGN_ENTITLEMENTS = "Voxboard Watch Widget/VoxboardWatchWidget.entitlements";
				CODE_SIGN_STYLE = Automatic;
				CURRENT_PROJECT_VERSION = 51;
				DEVELOPMENT_TEAM = 67KC823C9A;
				GENERATE_INFOPLIST_FILE = YES;
				INFOPLIST_FILE = "Voxboard Watch Widget/Info.plist";
				INFOPLIST_KEY_CFBundleDisplayName = Vox.md;
				INFOPLIST_KEY_NSHumanReadableCopyright = "";
				LD_RUNPATH_SEARCH_PATHS = (
					"$(inherited)",
					"@executable_path/Frameworks",
					"@executable_path/../../Frameworks",
				);
				MARKETING_VERSION = 2.9;
				PRODUCT_BUNDLE_IDENTIFIER = bontecou.Voxboard.watchkitapp.Widget;
				PRODUCT_NAME = "$(TARGET_NAME)";
				SDKROOT = watchos;
				SKIP_INSTALL = YES;
				STRING_CATALOG_GENERATE_SYMBOLS = YES;
				SWIFT_EMIT_LOC_STRINGS = YES;
				SWIFT_VERSION = 5.0;
				TARGETED_DEVICE_FAMILY = 4;
				VALIDATE_PRODUCT = YES;
				WATCHOS_DEPLOYMENT_TARGET = 10.0;
			};
			name = Release;
		};
		622B4C8E2F78B09700FDC4CA /* Debug */ = {
			isa = XCBuildConfiguration;
			buildSettings = {
				ASSETCATALOG_COMPILER_GLOBAL_ACCENT_COLOR_NAME = AccentColor;
				ASSETCATALOG_COMPILER_WIDGET_BACKGROUND_COLOR_NAME = WidgetBackground;
				CODE_SIGN_ENTITLEMENTS = "Voxboard Widget/VoxboardWidget.entitlements";
				CODE_SIGN_STYLE = Automatic;
				CURRENT_PROJECT_VERSION = 51;
				DEVELOPMENT_TEAM = 67KC823C9A;
				GENERATE_INFOPLIST_FILE = YES;
				INFOPLIST_FILE = "Voxboard Widget/Info.plist";
				INFOPLIST_KEY_CFBundleDisplayName = "Vox.md Widget";
				INFOPLIST_KEY_NSHumanReadableCopyright = "";
				IPHONEOS_DEPLOYMENT_TARGET = 17.6;
				LD_RUNPATH_SEARCH_PATHS = (
					"$(inherited)",
					"@executable_path/Frameworks",
					"@executable_path/../../Frameworks",
				);
				MARKETING_VERSION = 2.9;
				PRODUCT_BUNDLE_IDENTIFIER = "bontecou.Voxboard.Voxboard-Widget";
				PRODUCT_NAME = "$(TARGET_NAME)";
				SKIP_INSTALL = YES;
				STRING_CATALOG_GENERATE_SYMBOLS = YES;
				SWIFT_APPROACHABLE_CONCURRENCY = YES;
				SWIFT_EMIT_LOC_STRINGS = YES;
				SWIFT_UPCOMING_FEATURE_MEMBER_IMPORT_VISIBILITY = YES;
				SWIFT_VERSION = 5.0;
				TARGETED_DEVICE_FAMILY = "1,2";
			};
			name = Debug;
		};
		622B4C8F2F78B09700FDC4CA /* Release */ = {
			isa = XCBuildConfiguration;
			buildSettings = {
				ASSETCATALOG_COMPILER_GLOBAL_ACCENT_COLOR_NAME = AccentColor;
				ASSETCATALOG_COMPILER_WIDGET_BACKGROUND_COLOR_NAME = WidgetBackground;
				CODE_SIGN_ENTITLEMENTS = "Voxboard Widget/VoxboardWidget.entitlements";
				CODE_SIGN_STYLE = Automatic;
				CURRENT_PROJECT_VERSION = 51;
				DEVELOPMENT_TEAM = 67KC823C9A;
				GENERATE_INFOPLIST_FILE = YES;
				INFOPLIST_FILE = "Voxboard Widget/Info.plist";
				INFOPLIST_KEY_CFBundleDisplayName = "Vox.md Widget";
				INFOPLIST_KEY_NSHumanReadableCopyright = "";
				IPHONEOS_DEPLOYMENT_TARGET = 17.6;
				LD_RUNPATH_SEARCH_PATHS = (
					"$(inherited)",
					"@executable_path/Frameworks",
					"@executable_path/../../Frameworks",
				);
				MARKETING_VERSION = 2.9;
				PRODUCT_BUNDLE_IDENTIFIER = "bontecou.Voxboard.Voxboard-Widget";
				PRODUCT_NAME = "$(TARGET_NAME)";
				SKIP_INSTALL = YES;
				STRING_CATALOG_GENERATE_SYMBOLS = YES;
				SWIFT_APPROACHABLE_CONCURRENCY = YES;
				SWIFT_EMIT_LOC_STRINGS = YES;
				SWIFT_UPCOMING_FEATURE_MEMBER_IMPORT_VISIBILITY = YES;
				SWIFT_VERSION = 5.0;
				TARGETED_DEVICE_FAMILY = "1,2";
			};
			name = Release;
		};
		62C951832F392ADC001F79DF /* Debug */ = {
			isa = XCBuildConfiguration;
			buildSettings = {
				ALWAYS_SEARCH_USER_PATHS = NO;
				ASSETCATALOG_COMPILER_GENERATE_SWIFT_ASSET_SYMBOL_EXTENSIONS = YES;
				CLANG_ANALYZER_NONNULL = YES;
				CLANG_ANALYZER_NUMBER_OBJECT_CONVERSION = YES_AGGRESSIVE;
				CLANG_CXX_LANGUAGE_STANDARD = "gnu++20";
				CLANG_ENABLE_MODULES = YES;
				CLANG_ENABLE_OBJC_ARC = YES;
				CLANG_ENABLE_OBJC_WEAK = YES;
				CLANG_WARN_BLOCK_CAPTURE_AUTORELEASING = YES;
				CLANG_WARN_BOOL_CONVERSION = YES;
				CLANG_WARN_COMMA = YES;
				CLANG_WARN_CONSTANT_CONVERSION = YES;
				CLANG_WARN_DEPRECATED_OBJC_IMPLEMENTATIONS = YES;
				CLANG_WARN_DIRECT_OBJC_ISA_USAGE = YES_ERROR;
				CLANG_WARN_DOCUMENTATION_COMMENTS = YES;
				CLANG_WARN_EMPTY_BODY = YES;
				CLANG_WARN_ENUM_CONVERSION = YES;
				CLANG_WARN_INFINITE_RECURSION = YES;
				CLANG_WARN_INT_CONVERSION = YES;
				CLANG_WARN_NON_LITERAL_NULL_CONVERSION = YES;
				CLANG_WARN_OBJC_IMPLICIT_RETAIN_SELF = YES;
				CLANG_WARN_OBJC_LITERAL_CONVERSION = YES;
				CLANG_WARN_OBJC_ROOT_CLASS = YES_ERROR;
				CLANG_WARN_QUOTED_INCLUDE_IN_FRAMEWORK_HEADER = YES;
				CLANG_WARN_RANGE_LOOP_ANALYSIS = YES;
				CLANG_WARN_STRICT_PROTOTYPES = YES;
				CLANG_WARN_SUSPICIOUS_MOVE = YES;
				CLANG_WARN_UNGUARDED_AVAILABILITY = YES_AGGRESSIVE;
				CLANG_WARN_UNREACHABLE_CODE = YES;
				CLANG_WARN__DUPLICATE_METHOD_MATCH = YES;
				COPY_PHASE_STRIP = NO;
				DEBUG_INFORMATION_FORMAT = dwarf;
				DEVELOPMENT_TEAM = 67KC823C9A;
				ENABLE_STRICT_OBJC_MSGSEND = YES;
				ENABLE_TESTABILITY = YES;
				ENABLE_USER_SCRIPT_SANDBOXING = YES;
				GCC_C_LANGUAGE_STANDARD = gnu17;
				GCC_DYNAMIC_NO_PIC = NO;
				GCC_NO_COMMON_BLOCKS = YES;
				GCC_OPTIMIZATION_LEVEL = 0;
				GCC_PREPROCESSOR_DEFINITIONS = (
					"DEBUG=1",
					"$(inherited)",
				);
				GCC_WARN_64_TO_32_BIT_CONVERSION = YES;
				GCC_WARN_ABOUT_RETURN_TYPE = YES_ERROR;
				GCC_WARN_UNDECLARED_SELECTOR = YES;
				GCC_WARN_UNINITIALIZED_AUTOS = YES_AGGRESSIVE;
				GCC_WARN_UNUSED_FUNCTION = YES;
				GCC_WARN_UNUSED_VARIABLE = YES;
				IPHONEOS_DEPLOYMENT_TARGET = 26.2;
				LOCALIZATION_PREFERS_STRING_CATALOGS = YES;
				MTL_ENABLE_DEBUG_INFO = INCLUDE_SOURCE;
				MTL_FAST_MATH = YES;
				ONLY_ACTIVE_ARCH = YES;
				SDKROOT = iphoneos;
				SWIFT_ACTIVE_COMPILATION_CONDITIONS = "DEBUG $(inherited)";
				SWIFT_OPTIMIZATION_LEVEL = "-Onone";
			};
			name = Debug;
		};
		62C951842F392ADC001F79DF /* Release */ = {
			isa = XCBuildConfiguration;
			buildSettings = {
				ALWAYS_SEARCH_USER_PATHS = NO;
				ASSETCATALOG_COMPILER_GENERATE_SWIFT_ASSET_SYMBOL_EXTENSIONS = YES;
				CLANG_ANALYZER_NONNULL = YES;
				CLANG_ANALYZER_NUMBER_OBJECT_CONVERSION = YES_AGGRESSIVE;
				CLANG_CXX_LANGUAGE_STANDARD = "gnu++20";
				CLANG_ENABLE_MODULES = YES;
				CLANG_ENABLE_OBJC_ARC = YES;
				CLANG_ENABLE_OBJC_WEAK = YES;
				CLANG_WARN_BLOCK_CAPTURE_AUTORELEASING = YES;
				CLANG_WARN_BOOL_CONVERSION = YES;
				CLANG_WARN_COMMA = YES;
				CLANG_WARN_CONSTANT_CONVERSION = YES;
				CLANG_WARN_DEPRECATED_OBJC_IMPLEMENTATIONS = YES;
				CLANG_WARN_DIRECT_OBJC_ISA_USAGE = YES_ERROR;
				CLANG_WARN_DOCUMENTATION_COMMENTS = YES;
				CLANG_WARN_EMPTY_BODY = YES;
				CLANG_WARN_ENUM_CONVERSION = YES;
				CLANG_WARN_INFINITE_RECURSION = YES;
				CLANG_WARN_INT_CONVERSION = YES;
				CLANG_WARN_NON_LITERAL_NULL_CONVERSION = YES;
				CLANG_WARN_OBJC_IMPLICIT_RETAIN_SELF = YES;
				CLANG_WARN_OBJC_LITERAL_CONVERSION = YES;
				CLANG_WARN_OBJC_ROOT_CLASS = YES_ERROR;
				CLANG_WARN_QUOTED_INCLUDE_IN_FRAMEWORK_HEADER = YES;
				CLANG_WARN_RANGE_LOOP_ANALYSIS = YES;
				CLANG_WARN_STRICT_PROTOTYPES = YES;
				CLANG_WARN_SUSPICIOUS_MOVE = YES;
				CLANG_WARN_UNGUARDED_AVAILABILITY = YES_AGGRESSIVE;
				CLANG_WARN_UNREACHABLE_CODE = YES;
				CLANG_WARN__DUPLICATE_METHOD_MATCH = YES;
				COPY_PHASE_STRIP = NO;
				DEBUG_INFORMATION_FORMAT = "dwarf-with-dsym";
				DEVELOPMENT_TEAM = 67KC823C9A;
				ENABLE_NS_ASSERTIONS = NO;
				ENABLE_STRICT_OBJC_MSGSEND = YES;
				ENABLE_USER_SCRIPT_SANDBOXING = YES;
				GCC_C_LANGUAGE_STANDARD = gnu17;
				GCC_NO_COMMON_BLOCKS = YES;
				GCC_WARN_64_TO_32_BIT_CONVERSION = YES;
				GCC_WARN_ABOUT_RETURN_TYPE = YES_ERROR;
				GCC_WARN_UNDECLARED_SELECTOR = YES;
				GCC_WARN_UNINITIALIZED_AUTOS = YES_AGGRESSIVE;
				GCC_WARN_UNUSED_FUNCTION = YES;
				GCC_WARN_UNUSED_VARIABLE = YES;
				IPHONEOS_DEPLOYMENT_TARGET = 26.2;
				LOCALIZATION_PREFERS_STRING_CATALOGS = YES;
				MTL_ENABLE_DEBUG_INFO = NO;
				MTL_FAST_MATH = YES;
				SDKROOT = iphoneos;
				SWIFT_COMPILATION_MODE = wholemodule;
				VALIDATE_PRODUCT = YES;
			};
			name = Release;
		};
		62C951862F392ADC001F79DF /* Debug */ = {
	buildSettings = {
		"ASSETCATALOG_COMPILER_APPICON_NAME" = AppIcon;
		"ASSETCATALOG_COMPILER_GLOBAL_ACCENT_COLOR_NAME" = AccentColor;
		"CODE_SIGN_ENTITLEMENTS" = "Voxboard/Voxboard.entitlements";
		"CODE_SIGN_STYLE" = Automatic;
		"CURRENT_PROJECT_VERSION" = 51;
		"DEVELOPMENT_TEAM" = 67KC823C9A;
		"ENABLE_PREVIEWS" = YES;
		"GENERATE_INFOPLIST_FILE" = YES;
		"INFOPLIST_FILE" = "Voxboard/Info.plist";
		"INFOPLIST_KEY_CFBundleDisplayName" = "Vox.md";
		"INFOPLIST_KEY_UIApplicationSceneManifest_Generation" = YES;
		"INFOPLIST_KEY_UIApplicationSupportsIndirectInputEvents" = YES;
		"INFOPLIST_KEY_UILaunchScreen_Generation" = YES;
		"INFOPLIST_KEY_UISupportedInterfaceOrientations_iPad" = "UIInterfaceOrientationPortrait UIInterfaceOrientationPortraitUpsideDown UIInterfaceOrientationLandscapeLeft UIInterfaceOrientationLandscapeRight";
		"INFOPLIST_KEY_UISupportedInterfaceOrientations_iPhone" = "UIInterfaceOrientationPortrait UIInterfaceOrientationLandscapeLeft UIInterfaceOrientationLandscapeRight";
		"IPHONEOS_DEPLOYMENT_TARGET" = "17.6";
		"LD_RUNPATH_SEARCH_PATHS" = (
			"$(inherited)",
			"@executable_path/Frameworks",
		);
		"MARKETING_VERSION" = "2.9";
		"PRODUCT_BUNDLE_IDENTIFIER" = "bontecou.Voxboard";
		"PRODUCT_NAME" = "$(TARGET_NAME)";
		"STRING_CATALOG_GENERATE_SYMBOLS" = YES;
		"SWIFT_APPROACHABLE_CONCURRENCY" = YES;
		"SWIFT_DEFAULT_ACTOR_ISOLATION" = MainActor;
		"SWIFT_EMIT_LOC_STRINGS" = YES;
		"SWIFT_UPCOMING_FEATURE_MEMBER_IMPORT_VISIBILITY" = YES;
		"SWIFT_VERSION" = "5.0";
		"TARGETED_DEVICE_FAMILY" = "1,2";
	};
	isa = XCBuildConfiguration;
	name = Debug;
};
		62C951872F392ADC001F79DF /* Release */ = {
	buildSettings = {
		"ASSETCATALOG_COMPILER_APPICON_NAME" = AppIcon;
		"ASSETCATALOG_COMPILER_GLOBAL_ACCENT_COLOR_NAME" = AccentColor;
		"CODE_SIGN_ENTITLEMENTS" = "Voxboard/Voxboard.entitlements";
		"CODE_SIGN_STYLE" = Automatic;
		"CURRENT_PROJECT_VERSION" = 51;
		"DEVELOPMENT_TEAM" = 67KC823C9A;
		"ENABLE_PREVIEWS" = YES;
		"GENERATE_INFOPLIST_FILE" = YES;
		"INFOPLIST_FILE" = "Voxboard/Info.plist";
		"INFOPLIST_KEY_CFBundleDisplayName" = "Vox.md";
		"INFOPLIST_KEY_UIApplicationSceneManifest_Generation" = YES;
		"INFOPLIST_KEY_UIApplicationSupportsIndirectInputEvents" = YES;
		"INFOPLIST_KEY_UILaunchScreen_Generation" = YES;
		"INFOPLIST_KEY_UISupportedInterfaceOrientations_iPad" = "UIInterfaceOrientationPortrait UIInterfaceOrientationPortraitUpsideDown UIInterfaceOrientationLandscapeLeft UIInterfaceOrientationLandscapeRight";
		"INFOPLIST_KEY_UISupportedInterfaceOrientations_iPhone" = "UIInterfaceOrientationPortrait UIInterfaceOrientationLandscapeLeft UIInterfaceOrientationLandscapeRight";
		"IPHONEOS_DEPLOYMENT_TARGET" = "17.6";
		"LD_RUNPATH_SEARCH_PATHS" = (
			"$(inherited)",
			"@executable_path/Frameworks",
		);
		"MARKETING_VERSION" = "2.9";
		"PRODUCT_BUNDLE_IDENTIFIER" = "bontecou.Voxboard";
		"PRODUCT_NAME" = "$(TARGET_NAME)";
		"STRING_CATALOG_GENERATE_SYMBOLS" = YES;
		"SWIFT_APPROACHABLE_CONCURRENCY" = YES;
		"SWIFT_DEFAULT_ACTOR_ISOLATION" = MainActor;
		"SWIFT_EMIT_LOC_STRINGS" = YES;
		"SWIFT_UPCOMING_FEATURE_MEMBER_IMPORT_VISIBILITY" = YES;
		"SWIFT_VERSION" = "5.0";
		"TARGETED_DEVICE_FAMILY" = "1,2";
	};
	isa = XCBuildConfiguration;
	name = Release;
};
		62C9522C2F393361001F79DF /* Debug */ = {
			isa = XCBuildConfiguration;
			buildSettings = {
				CODE_SIGN_ENTITLEMENTS = "Voxboard Keyboard/VoxboardKeyboard.entitlements";
				CODE_SIGN_STYLE = Automatic;
				CURRENT_PROJECT_VERSION = 51;
				DEVELOPMENT_TEAM = 67KC823C9A;
				GENERATE_INFOPLIST_FILE = YES;
				INFOPLIST_FILE = "Voxboard Keyboard/Info.plist";
				INFOPLIST_KEY_CFBundleDisplayName = Vox.md;
				INFOPLIST_KEY_NSHumanReadableCopyright = "";
				IPHONEOS_DEPLOYMENT_TARGET = 17.6;
				LD_RUNPATH_SEARCH_PATHS = (
					"$(inherited)",
					"@executable_path/Frameworks",
					"@executable_path/../../Frameworks",
				);
				MARKETING_VERSION = 2.9;
				PRODUCT_BUNDLE_IDENTIFIER = "bontecou.Voxboard.Voxboard-Keyboard";
				PRODUCT_NAME = "$(TARGET_NAME)";
				SKIP_INSTALL = YES;
				STRING_CATALOG_GENERATE_SYMBOLS = YES;
				SWIFT_APPROACHABLE_CONCURRENCY = YES;
				SWIFT_EMIT_LOC_STRINGS = YES;
				SWIFT_UPCOMING_FEATURE_MEMBER_IMPORT_VISIBILITY = YES;
				SWIFT_VERSION = 5.0;
				TARGETED_DEVICE_FAMILY = "1,2";
			};
			name = Debug;
		};
		62C9522D2F393361001F79DF /* Release */ = {
			isa = XCBuildConfiguration;
			buildSettings = {
				CODE_SIGN_ENTITLEMENTS = "Voxboard Keyboard/VoxboardKeyboard.entitlements";
				CODE_SIGN_STYLE = Automatic;
				CURRENT_PROJECT_VERSION = 51;
				DEVELOPMENT_TEAM = 67KC823C9A;
				GENERATE_INFOPLIST_FILE = YES;
				INFOPLIST_FILE = "Voxboard Keyboard/Info.plist";
				INFOPLIST_KEY_CFBundleDisplayName = Vox.md;
				INFOPLIST_KEY_NSHumanReadableCopyright = "";
				IPHONEOS_DEPLOYMENT_TARGET = 17.6;
				LD_RUNPATH_SEARCH_PATHS = (
					"$(inherited)",
					"@executable_path/Frameworks",
					"@executable_path/../../Frameworks",
				);
				MARKETING_VERSION = 2.9;
				PRODUCT_BUNDLE_IDENTIFIER = "bontecou.Voxboard.Voxboard-Keyboard";
				PRODUCT_NAME = "$(TARGET_NAME)";
				SKIP_INSTALL = YES;
				STRING_CATALOG_GENERATE_SYMBOLS = YES;
				SWIFT_APPROACHABLE_CONCURRENCY = YES;
				SWIFT_EMIT_LOC_STRINGS = YES;
				SWIFT_UPCOMING_FEATURE_MEMBER_IMPORT_VISIBILITY = YES;
				SWIFT_VERSION = 5.0;
				TARGETED_DEVICE_FAMILY = "1,2";
			};
			name = Release;
		};
		6392940EB81E09E4DF2B5762 /* Debug */ = {
			isa = XCBuildConfiguration;
			buildSettings = {
				ASSETCATALOG_COMPILER_GLOBAL_ACCENT_COLOR_NAME = AccentColor;
				ASSETCATALOG_COMPILER_WIDGET_BACKGROUND_COLOR_NAME = WidgetBackground;
				CODE_SIGN_ENTITLEMENTS = "Voxboard Watch Widget/VoxboardWatchWidget.entitlements";
				CODE_SIGN_STYLE = Automatic;
				CURRENT_PROJECT_VERSION = 51;
				DEVELOPMENT_TEAM = 67KC823C9A;
				GENERATE_INFOPLIST_FILE = YES;
				INFOPLIST_FILE = "Voxboard Watch Widget/Info.plist";
				INFOPLIST_KEY_CFBundleDisplayName = Vox.md;
				INFOPLIST_KEY_NSHumanReadableCopyright = "";
				LD_RUNPATH_SEARCH_PATHS = (
					"$(inherited)",
					"@executable_path/Frameworks",
					"@executable_path/../../Frameworks",
				);
				MARKETING_VERSION = 2.9;
				PRODUCT_BUNDLE_IDENTIFIER = bontecou.Voxboard.watchkitapp.Widget;
				PRODUCT_NAME = "$(TARGET_NAME)";
				SDKROOT = watchos;
				SKIP_INSTALL = YES;
				STRING_CATALOG_GENERATE_SYMBOLS = YES;
				SWIFT_EMIT_LOC_STRINGS = YES;
				SWIFT_VERSION = 5.0;
				TARGETED_DEVICE_FAMILY = 4;
				WATCHOS_DEPLOYMENT_TARGET = 10.0;
			};
			name = Debug;
		};
		676BEA7B1F1FA9DCDF69EF69 /* Debug */ = {
			isa = XCBuildConfiguration;
			buildSettings = {
				ASSETCATALOG_COMPILER_APPICON_NAME = AppIcon;
				ASSETCATALOG_COMPILER_GENERATE_SWIFT_ASSET_SYMBOL_EXTENSIONS = YES;
				ASSETCATALOG_COMPILER_GLOBAL_ACCENT_COLOR_NAME = MacAccentColor;
				CODE_SIGN_ENTITLEMENTS = "Voxboard Mac/VoxboardMac.entitlements";
				CODE_SIGN_STYLE = Automatic;
				COMBINE_HIDPI_IMAGES = YES;
				CURRENT_PROJECT_VERSION = 51;
				DEVELOPMENT_TEAM = 67KC823C9A;
				ENABLE_HARDENED_RUNTIME = YES;
				ENABLE_PREVIEWS = YES;
				GENERATE_INFOPLIST_FILE = YES;
				INFOPLIST_FILE = "Voxboard Mac/Info.plist";
				INFOPLIST_KEY_ATSApplicationFontsPath = .;
				INFOPLIST_KEY_CFBundleDisplayName = Vox.md;
				INFOPLIST_KEY_CFBundleName = Vox.md;
				INFOPLIST_KEY_ITSAppUsesNonExemptEncryption = NO;
				INFOPLIST_KEY_LSApplicationCategoryType = "public.app-category.productivity";
				INFOPLIST_KEY_NSCameraUsageDescription = "Vox.md uses the camera to add photos to Capture drafts.";
				INFOPLIST_KEY_NSHumanReadableCopyright = "";
				INFOPLIST_KEY_NSMicrophoneUsageDescription = "Vox.md records microphone audio locally so it can transcribe speech on this Mac.";
				LD_RUNPATH_SEARCH_PATHS = (
					"$(inherited)",
					"@executable_path/../Frameworks",
				);
				MACOSX_DEPLOYMENT_TARGET = 14.0;
				MARKETING_VERSION = 2.9;
				PRODUCT_BUNDLE_IDENTIFIER = bontecou.Voxboard;
				PRODUCT_NAME = Vox.md;
				SDKROOT = macosx;
				STRING_CATALOG_GENERATE_SYMBOLS = YES;
				SWIFT_APPROACHABLE_CONCURRENCY = YES;
				SWIFT_DEFAULT_ACTOR_ISOLATION = MainActor;
				SWIFT_EMIT_LOC_STRINGS = YES;
				SWIFT_UPCOMING_FEATURE_MEMBER_IMPORT_VISIBILITY = YES;
				SWIFT_VERSION = 5.0;
			};
			name = Debug;
		};
		750FCA8DEE2C70EFEC3F0A7D /* Release */ = {
			isa = XCBuildConfiguration;
			buildSettings = {
				ASSETCATALOG_COMPILER_APPICON_NAME = AppIcon;
				ASSETCATALOG_COMPILER_GLOBAL_ACCENT_COLOR_NAME = AccentColor;
				CODE_SIGN_ENTITLEMENTS = "Voxboard Watch/VoxboardWatch.entitlements";
				CODE_SIGN_STYLE = Automatic;
				CURRENT_PROJECT_VERSION = 51;
				DEVELOPMENT_TEAM = 67KC823C9A;
				GENERATE_INFOPLIST_FILE = YES;
				INFOPLIST_FILE = "Voxboard Watch/Info.plist";
				INFOPLIST_KEY_CFBundleDisplayName = Vox.md;
				INFOPLIST_KEY_NSHumanReadableCopyright = "";
				INFOPLIST_KEY_UISupportedInterfaceOrientations = "UIInterfaceOrientationPortrait UIInterfaceOrientationPortraitUpsideDown";
				INFOPLIST_KEY_WKCompanionAppBundleIdentifier = bontecou.Voxboard;
				LD_RUNPATH_SEARCH_PATHS = (
					"$(inherited)",
					"@executable_path/Frameworks",
				);
				MARKETING_VERSION = 2.9;
				PRODUCT_BUNDLE_IDENTIFIER = bontecou.Voxboard.watchkitapp;
				PRODUCT_NAME = "$(TARGET_NAME)";
				SDKROOT = watchos;
				SKIP_INSTALL = YES;
				STRING_CATALOG_GENERATE_SYMBOLS = YES;
				SWIFT_EMIT_LOC_STRINGS = YES;
				SWIFT_VERSION = 5.0;
				TARGETED_DEVICE_FAMILY = 4;
				VALIDATE_PRODUCT = YES;
				WATCHOS_DEPLOYMENT_TARGET = 10.0;
			};
			name = Release;
		};
		8FCF66A232DA8B6B108CC645 /* Release */ = {
			isa = XCBuildConfiguration;
			buildSettings = {
				ASSETCATALOG_COMPILER_APPICON_NAME = AppIcon;
				ASSETCATALOG_COMPILER_GENERATE_SWIFT_ASSET_SYMBOL_EXTENSIONS = YES;
				ASSETCATALOG_COMPILER_GLOBAL_ACCENT_COLOR_NAME = MacAccentColor;
				CODE_SIGN_ENTITLEMENTS = "Voxboard Mac/VoxboardMac.entitlements";
				CODE_SIGN_STYLE = Automatic;
				COMBINE_HIDPI_IMAGES = YES;
				CURRENT_PROJECT_VERSION = 51;
				DEVELOPMENT_TEAM = 67KC823C9A;
				ENABLE_HARDENED_RUNTIME = YES;
				ENABLE_PREVIEWS = YES;
				GENERATE_INFOPLIST_FILE = YES;
				INFOPLIST_FILE = "Voxboard Mac/Info.plist";
				INFOPLIST_KEY_ATSApplicationFontsPath = .;
				INFOPLIST_KEY_CFBundleDisplayName = Vox.md;
				INFOPLIST_KEY_CFBundleName = Vox.md;
				INFOPLIST_KEY_ITSAppUsesNonExemptEncryption = NO;
				INFOPLIST_KEY_LSApplicationCategoryType = "public.app-category.productivity";
				INFOPLIST_KEY_NSCameraUsageDescription = "Vox.md uses the camera to add photos to Capture drafts.";
				INFOPLIST_KEY_NSHumanReadableCopyright = "";
				INFOPLIST_KEY_NSMicrophoneUsageDescription = "Vox.md records microphone audio locally so it can transcribe speech on this Mac.";
				LD_RUNPATH_SEARCH_PATHS = (
					"$(inherited)",
					"@executable_path/../Frameworks",
				);
				MACOSX_DEPLOYMENT_TARGET = 14.0;
				MARKETING_VERSION = 2.9;
				PRODUCT_BUNDLE_IDENTIFIER = bontecou.Voxboard;
				PRODUCT_NAME = Vox.md;
				SDKROOT = macosx;
				STRING_CATALOG_GENERATE_SYMBOLS = YES;
				SWIFT_APPROACHABLE_CONCURRENCY = YES;
				SWIFT_DEFAULT_ACTOR_ISOLATION = MainActor;
				SWIFT_EMIT_LOC_STRINGS = YES;
				SWIFT_UPCOMING_FEATURE_MEMBER_IMPORT_VISIBILITY = YES;
				SWIFT_VERSION = 5.0;
			};
			name = Release;
		};
		939DDF7E8E2B8F07846C1FAB /* Debug */ = {
			isa = XCBuildConfiguration;
			buildSettings = {
				APPLICATION_EXTENSION_API_ONLY = YES;
				CLANG_ENABLE_OBJC_WEAK = NO;
				CODE_SIGN_ENTITLEMENTS = "Voxboard Share Extension/VoxboardShare.entitlements";
				CODE_SIGN_STYLE = Automatic;
				CURRENT_PROJECT_VERSION = 51;
				DEVELOPMENT_TEAM = 67KC823C9A;
				GENERATE_INFOPLIST_FILE = YES;
				INFOPLIST_FILE = "Voxboard Share Extension/Info.plist";
				INFOPLIST_KEY_CFBundleDisplayName = "Capture to Vox.md";
				IPHONEOS_DEPLOYMENT_TARGET = 17.6;
				LD_RUNPATH_SEARCH_PATHS = (
					"$(inherited)",
					"@executable_path/Frameworks",
					"@executable_path/../../Frameworks",
				);
				MARKETING_VERSION = 2.9;
				PRODUCT_BUNDLE_IDENTIFIER = bontecou.Voxboard.ShareExtension;
				PRODUCT_NAME = "$(TARGET_NAME)";
				SDKROOT = iphoneos;
				SKIP_INSTALL = YES;
				SWIFT_VERSION = 5.0;
				TARGETED_DEVICE_FAMILY = "1,2";
			};
			name = Debug;
		};
		95C41485907AFD84F62E38DB /* Release */ = {
			isa = XCBuildConfiguration;
			buildSettings = {
				APPLICATION_EXTENSION_API_ONLY = YES;
				CLANG_ENABLE_OBJC_WEAK = NO;
				CODE_SIGN_ENTITLEMENTS = "Voxboard Share Extension/VoxboardShare.entitlements";
				CODE_SIGN_STYLE = Automatic;
				CURRENT_PROJECT_VERSION = 51;
				DEVELOPMENT_TEAM = 67KC823C9A;
				GENERATE_INFOPLIST_FILE = YES;
				INFOPLIST_FILE = "Voxboard Share Extension/Info.plist";
				INFOPLIST_KEY_CFBundleDisplayName = "Capture to Vox.md";
				IPHONEOS_DEPLOYMENT_TARGET = 17.6;
				LD_RUNPATH_SEARCH_PATHS = (
					"$(inherited)",
					"@executable_path/Frameworks",
					"@executable_path/../../Frameworks",
				);
				MARKETING_VERSION = 2.9;
				PRODUCT_BUNDLE_IDENTIFIER = bontecou.Voxboard.ShareExtension;
				PRODUCT_NAME = "$(TARGET_NAME)";
				SDKROOT = iphoneos;
				SKIP_INSTALL = YES;
				SWIFT_VERSION = 5.0;
				TARGETED_DEVICE_FAMILY = "1,2";
				VALIDATE_PRODUCT = YES;
			};
			name = Release;
		};
		ABF000082FD30000AABB0008 /* Debug */ = {
			isa = XCBuildConfiguration;
			buildSettings = {
				CODE_SIGN_STYLE = Automatic;
				DEVELOPMENT_TEAM = 67KC823C9A;
				GENERATE_INFOPLIST_FILE = YES;
				PRODUCT_BUNDLE_IDENTIFIER = bontecou.VoxboardWatchTests;
				PRODUCT_NAME = "$(TARGET_NAME)";
				SDKROOT = watchos;
				SWIFT_VERSION = 5.0;
				TARGETED_DEVICE_FAMILY = 4;
				WATCHOS_DEPLOYMENT_TARGET = 10.0;
			};
			name = Debug;
		};
		ABF000092FD30000AABB0009 /* Release */ = {
			isa = XCBuildConfiguration;
			buildSettings = {
				CODE_SIGN_STYLE = Automatic;
				DEVELOPMENT_TEAM = 67KC823C9A;
				GENERATE_INFOPLIST_FILE = YES;
				PRODUCT_BUNDLE_IDENTIFIER = bontecou.VoxboardWatchTests;
				PRODUCT_NAME = "$(TARGET_NAME)";
				SDKROOT = watchos;
				SWIFT_VERSION = 5.0;
				TARGETED_DEVICE_FAMILY = 4;
				VALIDATE_PRODUCT = YES;
				WATCHOS_DEPLOYMENT_TARGET = 10.0;
			};
			name = Release;
		};
		AAE000082FC00000AABB0008 /* Debug */ = {
			isa = XCBuildConfiguration;
			buildSettings = {
				BUNDLE_LOADER = "$(TEST_HOST)";
				CODE_SIGN_STYLE = Automatic;
				DEVELOPMENT_TEAM = 67KC823C9A;
				GENERATE_INFOPLIST_FILE = YES;
				IPHONEOS_DEPLOYMENT_TARGET = 17.6;
				PRODUCT_BUNDLE_IDENTIFIER = bontecou.VoxboardTests;
				PRODUCT_NAME = "$(TARGET_NAME)";
				SDKROOT = iphoneos;
				SWIFT_APPROACHABLE_CONCURRENCY = YES;
				SWIFT_DEFAULT_ACTOR_ISOLATION = MainActor;
				SWIFT_VERSION = 5.0;
				TARGETED_DEVICE_FAMILY = "1,2";
				TEST_HOST = "$(BUILT_PRODUCTS_DIR)/Voxboard.app/$(BUNDLE_EXECUTABLE_FOLDER_PATH)/Voxboard";
			};
			name = Debug;
		};
		AAE000092FC00000AABB0009 /* Release */ = {
			isa = XCBuildConfiguration;
			buildSettings = {
				BUNDLE_LOADER = "$(TEST_HOST)";
				CODE_SIGN_STYLE = Automatic;
				DEVELOPMENT_TEAM = 67KC823C9A;
				GENERATE_INFOPLIST_FILE = YES;
				IPHONEOS_DEPLOYMENT_TARGET = 17.6;
				PRODUCT_BUNDLE_IDENTIFIER = bontecou.VoxboardTests;
				PRODUCT_NAME = "$(TARGET_NAME)";
				SDKROOT = iphoneos;
				SWIFT_APPROACHABLE_CONCURRENCY = YES;
				SWIFT_DEFAULT_ACTOR_ISOLATION = MainActor;
				SWIFT_VERSION = 5.0;
				TARGETED_DEVICE_FAMILY = "1,2";
				TEST_HOST = "$(BUILT_PRODUCTS_DIR)/Voxboard.app/$(BUNDLE_EXECUTABLE_FOLDER_PATH)/Voxboard";
				VALIDATE_PRODUCT = YES;
			};
			name = Release;
		};
		E6C9F0C68E9EA69156AB523A /* Debug */ = {
			isa = XCBuildConfiguration;
			buildSettings = {
				ASSETCATALOG_COMPILER_APPICON_NAME = AppIcon;
				ASSETCATALOG_COMPILER_GLOBAL_ACCENT_COLOR_NAME = AccentColor;
				CODE_SIGN_ENTITLEMENTS = "Voxboard Watch/VoxboardWatch.entitlements";
				CODE_SIGN_STYLE = Automatic;
				CURRENT_PROJECT_VERSION = 51;
				DEVELOPMENT_TEAM = 67KC823C9A;
				GENERATE_INFOPLIST_FILE = YES;
				INFOPLIST_FILE = "Voxboard Watch/Info.plist";
				INFOPLIST_KEY_CFBundleDisplayName = Vox.md;
				INFOPLIST_KEY_NSHumanReadableCopyright = "";
				INFOPLIST_KEY_UISupportedInterfaceOrientations = "UIInterfaceOrientationPortrait UIInterfaceOrientationPortraitUpsideDown";
				INFOPLIST_KEY_WKCompanionAppBundleIdentifier = bontecou.Voxboard;
				LD_RUNPATH_SEARCH_PATHS = (
					"$(inherited)",
					"@executable_path/Frameworks",
				);
				MARKETING_VERSION = 2.9;
				PRODUCT_BUNDLE_IDENTIFIER = bontecou.Voxboard.watchkitapp;
				PRODUCT_NAME = "$(TARGET_NAME)";
				SDKROOT = watchos;
				SKIP_INSTALL = YES;
				STRING_CATALOG_GENERATE_SYMBOLS = YES;
				SWIFT_EMIT_LOC_STRINGS = YES;
				SWIFT_VERSION = 5.0;
				TARGETED_DEVICE_FAMILY = 4;
				WATCHOS_DEPLOYMENT_TARGET = 10.0;
			};
			name = Debug;
		};
/* End XCBuildConfiguration section */

/* Begin XCConfigurationList section */
		306038AFBB249D3B4642CA39 /* Build configuration list for PBXNativeTarget "Voxboard Watch" */ = {
			isa = XCConfigurationList;
			buildConfigurations = (
				750FCA8DEE2C70EFEC3F0A7D /* Release */,
				E6C9F0C68E9EA69156AB523A /* Debug */,
			);
			defaultConfigurationIsVisible = 0;
			defaultConfigurationName = Release;
		};
		622B4C902F78B09700FDC4CA /* Build configuration list for PBXNativeTarget "Voxboard WidgetExtension" */ = {
			isa = XCConfigurationList;
			buildConfigurations = (
				622B4C8E2F78B09700FDC4CA /* Debug */,
				622B4C8F2F78B09700FDC4CA /* Release */,
			);
			defaultConfigurationIsVisible = 0;
			defaultConfigurationName = Release;
		};
		62C951752F392ADB001F79DF /* Build configuration list for PBXProject "Voxboard" */ = {
			isa = XCConfigurationList;
			buildConfigurations = (
				62C951832F392ADC001F79DF /* Debug */,
				62C951842F392ADC001F79DF /* Release */,
			);
			defaultConfigurationIsVisible = 0;
			defaultConfigurationName = Release;
		};
		62C951852F392ADC001F79DF /* Build configuration list for PBXNativeTarget "Voxboard" */ = {
			isa = XCConfigurationList;
			buildConfigurations = (
				62C951862F392ADC001F79DF /* Debug */,
				62C951872F392ADC001F79DF /* Release */,
			);
			defaultConfigurationIsVisible = 0;
			defaultConfigurationName = Release;
		};
		62C9522B2F393361001F79DF /* Build configuration list for PBXNativeTarget "Voxboard Keyboard" */ = {
			isa = XCConfigurationList;
			buildConfigurations = (
				62C9522C2F393361001F79DF /* Debug */,
				62C9522D2F393361001F79DF /* Release */,
			);
			defaultConfigurationIsVisible = 0;
			defaultConfigurationName = Release;
		};
		73E1E58815E2033E10F7EAB2 /* Build configuration list for PBXNativeTarget "Voxboard Watch WidgetExtension" */ = {
			isa = XCConfigurationList;
			buildConfigurations = (
				340AC23AE55129D57C3BC903 /* Release */,
				6392940EB81E09E4DF2B5762 /* Debug */,
			);
			defaultConfigurationIsVisible = 0;
			defaultConfigurationName = Release;
		};
		ABF000072FD30000AABB0007 /* Build configuration list for PBXNativeTarget "Voxboard Watch Tests" */ = {
			isa = XCConfigurationList;
			buildConfigurations = (
				ABF000082FD30000AABB0008 /* Debug */,
				ABF000092FD30000AABB0009 /* Release */,
			);
			defaultConfigurationIsVisible = 0;
			defaultConfigurationName = Release;
		};
		AAE000072FC00000AABB0007 /* Build configuration list for PBXNativeTarget "VoxboardTests" */ = {
			isa = XCConfigurationList;
			buildConfigurations = (
				AAE000082FC00000AABB0008 /* Debug */,
				AAE000092FC00000AABB0009 /* Release */,
			);
			defaultConfigurationIsVisible = 0;
			defaultConfigurationName = Release;
		};
		D0851AD90D66AA9242563BCC /* Build configuration list for PBXNativeTarget "Voxboard Mac" */ = {
			isa = XCConfigurationList;
			buildConfigurations = (
				8FCF66A232DA8B6B108CC645 /* Release */,
				676BEA7B1F1FA9DCDF69EF69 /* Debug */,
			);
			defaultConfigurationIsVisible = 0;
			defaultConfigurationName = Release;
		};
		F7D587468C0CDBD4375CFEC6 /* Build configuration list for PBXNativeTarget "Voxboard Share Extension" */ = {
			isa = XCConfigurationList;
			buildConfigurations = (
				95C41485907AFD84F62E38DB /* Release */,
				939DDF7E8E2B8F07846C1FAB /* Debug */,
			);
			defaultConfigurationIsVisible = 0;
			defaultConfigurationName = Release;
		};
/* End XCConfigurationList section */

/* Begin XCLocalSwiftPackageReference section */
		AA0000012F394000AABBCC01 /* XCLocalSwiftPackageReference "Packages/VoxboardShared" */ = {
			isa = XCLocalSwiftPackageReference;
			relativePath = Packages/VoxboardShared;
		};
/* End XCLocalSwiftPackageReference section */

/* Begin XCRemoteSwiftPackageReference section */
		62C952832F393BB1001F79DF /* XCRemoteSwiftPackageReference "KeyboardKit" */ = {
			isa = XCRemoteSwiftPackageReference;
			repositoryURL = "https://github.com/KeyboardKit/KeyboardKit.git";
			requirement = {
				kind = upToNextMajorVersion;
				minimumVersion = 10.2.2;
			};
		};
		AA9000022F900000AABB0002 /* XCRemoteSwiftPackageReference "notelet" */ = {
			isa = XCRemoteSwiftPackageReference;
			repositoryURL = "https://github.com/mykolaharmash/notelet";
			requirement = {
				kind = upToNextMajorVersion;
				minimumVersion = 1.1.0;
			};
		};
/* End XCRemoteSwiftPackageReference section */

/* Begin XCSwiftPackageProductDependency section */
		0E291E4ACFADDC4D1EC10382 /* VoxboardCaptureCore */ = {
			isa = XCSwiftPackageProductDependency;
			productName = VoxboardCaptureCore;
		};
		CA1000022FE00000AABB0002 /* VoxboardShared */ = {
			isa = XCSwiftPackageProductDependency;
			productName = VoxboardShared;
		};
		5DCFFC6C307F334D1C010608 /* VoxboardShared */ = {
			isa = XCSwiftPackageProductDependency;
			productName = VoxboardShared;
		};
		62C952842F393BB1001F79DF /* KeyboardKit */ = {
			isa = XCSwiftPackageProductDependency;
			package = 62C952832F393BB1001F79DF /* XCRemoteSwiftPackageReference "KeyboardKit" */;
			productName = KeyboardKit;
		};
		AA0000022F394000AABBCC02 /* VoxboardShared */ = {
			isa = XCSwiftPackageProductDependency;
			productName = VoxboardShared;
		};
		AA0000032F394000AABBCC03 /* VoxboardShared */ = {
			isa = XCSwiftPackageProductDependency;
			productName = VoxboardShared;
		};
		AA0000092F394000AABBCC09 /* VoxboardShared */ = {
			isa = XCSwiftPackageProductDependency;
			productName = VoxboardShared;
		};
		AA9000032F900000AABB0003 /* Notelet */ = {
			isa = XCSwiftPackageProductDependency;
			package = AA9000022F900000AABB0002 /* XCRemoteSwiftPackageReference "notelet" */;
			productName = Notelet;
		};
/* End XCSwiftPackageProductDependency section */
	};
	rootObject = 62C951722F392ADB001F79DF /* Project object */;
}
